// !$*UTF8*$!
{
	archiveVersion = 1;
	classes = {
	};
	objectVersion = 55;
	objects = {

/* Begin PBXBuildFile section */
		99A71CA328526B860060C1DA /* AppDelegate.swift in Sources */ = {isa = PBXBuildFile; fileRef = 99A71CA228526B860060C1DA /* AppDelegate.swift */; };
		99A71CA528526B860060C1DA /* SceneDelegate.swift in Sources */ = {isa = PBXBuildFile; fileRef = 99A71CA428526B860060C1DA /* SceneDelegate.swift */; };
		99A71CA728526B870060C1DA /* ViewController.swift in Sources */ = {isa = PBXBuildFile; fileRef = 99A71CA628526B860060C1DA /* ViewController.swift */; };
		99A71CAC28526B8A0060C1DA /* Assets.xcassets in Resources */ = {isa = PBXBuildFile; fileRef = 99A71CAB28526B8A0060C1DA /* Assets.xcassets */; };
		99A71CAF28526B8A0060C1DA /* LaunchScreen.storyboard in Resources */ = {isa = PBXBuildFile; fileRef = 99A71CAD28526B8A0060C1DA /* LaunchScreen.storyboard */; };
		99A71CBA28526B8A0060C1DA /* SketchPadTests.swift in Sources */ = {isa = PBXBuildFile; fileRef = 99A71CB928526B8A0060C1DA /* SketchPadTests.swift */; };
		99A71CC428526B8A0060C1DA /* SketchPadUITests.swift in Sources */ = {isa = PBXBuildFile; fileRef = 99A71CC328526B8A0060C1DA /* SketchPadUITests.swift */; };
		99A71CC628526B8A0060C1DA /* SketchPadUITestsLaunchTests.swift in Sources */ = {isa = PBXBuildFile; fileRef = 99A71CC528526B8A0060C1DA /* SketchPadUITestsLaunchTests.swift */; };
		99A71CDA28526F2F0060C1DA /* Colors.xcassets in Resources */ = {isa = PBXBuildFile; fileRef = 99A71CD928526F2F0060C1DA /* Colors.xcassets */; };
/* End PBXBuildFile section */

/* Begin PBXContainerItemProxy section */
		99A71CB628526B8A0060C1DA /* PBXContainerItemProxy */ = {
			isa = PBXContainerItemProxy;
			containerPortal = 99A71C9728526B860060C1DA /* Project object */;
			proxyType = 1;
			remoteGlobalIDString = 99A71C9E28526B860060C1DA;
			remoteInfo = SketchPad;
		};
		99A71CC028526B8A0060C1DA /* PBXContainerItemProxy */ = {
			isa = PBXContainerItemProxy;
			containerPortal = 99A71C9728526B860060C1DA /* Project object */;
			proxyType = 1;
			remoteGlobalIDString = 99A71C9E28526B860060C1DA;
			remoteInfo = SketchPad;
		};
/* End PBXContainerItemProxy section */

/* Begin PBXFileReference section */
		99A71C9F28526B860060C1DA /* SketchPad.app */ = {isa = PBXFileReference; explicitFileType = wrapper.application; includeInIndex = 0; path = SketchPad.app; sourceTree = BUILT_PRODUCTS_DIR; };
		99A71CA228526B860060C1DA /* AppDelegate.swift */ = {isa = PBXFileReference; lastKnownFileType = sourcecode.swift; path = AppDelegate.swift; sourceTree = "<group>"; };
		99A71CA428526B860060C1DA /* SceneDelegate.swift */ = {isa = PBXFileReference; lastKnownFileType = sourcecode.swift; path = SceneDelegate.swift; sourceTree = "<group>"; };
		99A71CA628526B860060C1DA /* ViewController.swift */ = {isa = PBXFileReference; lastKnownFileType = sourcecode.swift; path = ViewController.swift; sourceTree = "<group>"; };
		99A71CAB28526B8A0060C1DA /* Assets.xcassets */ = {isa = PBXFileReference; lastKnownFileType = folder.assetcatalog; path = Assets.xcassets; sourceTree = "<group>"; };
		99A71CAE28526B8A0060C1DA /* Base */ = {isa = PBXFileReference; lastKnownFileType = file.storyboard; name = Base; path = Base.lproj/LaunchScreen.storyboard; sourceTree = "<group>"; };
		99A71CB028526B8A0060C1DA /* Info.plist */ = {isa = PBXFileReference; lastKnownFileType = text.plist.xml; path = Info.plist; sourceTree = "<group>"; };
		99A71CB528526B8A0060C1DA /* SketchPadTests.xctest */ = {isa = PBXFileReference; explicitFileType = wrapper.cfbundle; includeInIndex = 0; path = SketchPadTests.xctest; sourceTree = BUILT_PRODUCTS_DIR; };
		99A71CB928526B8A0060C1DA /* SketchPadTests.swift */ = {isa = PBXFileReference; lastKnownFileType = sourcecode.swift; path = SketchPadTests.swift; sourceTree = "<group>"; };
		99A71CBF28526B8A0060C1DA /* SketchPadUITests.xctest */ = {isa = PBXFileReference; explicitFileType = wrapper.cfbundle; includeInIndex = 0; path = SketchPadUITests.xctest; sourceTree = BUILT_PRODUCTS_DIR; };
		99A71CC328526B8A0060C1DA /* SketchPadUITests.swift */ = {isa = PBXFileReference; lastKnownFileType = sourcecode.swift; path = SketchPadUITests.swift; sourceTree = "<group>"; };
		99A71CC528526B8A0060C1DA /* SketchPadUITestsLaunchTests.swift */ = {isa = PBXFileReference; lastKnownFileType = sourcecode.swift; path = SketchPadUITestsLaunchTests.swift; sourceTree = "<group>"; };
		99A71CD928526F2F0060C1DA /* Colors.xcassets */ = {isa = PBXFileReference; lastKnownFileType = folder.assetcatalog; path = Colors.xcassets; sourceTree = "<group>"; };
/* End PBXFileReference section */

/* Begin PBXFrameworksBuildPhase section */
		99A71C9C28526B860060C1DA /* Frameworks */ = {
			isa = PBXFrameworksBuildPhase;
			buildActionMask = 2147483647;
			files = (
			);
			runOnlyForDeploymentPostprocessing = 0;
		};
		99A71CB228526B8A0060C1DA /* Frameworks */ = {
			isa = PBXFrameworksBuildPhase;
			buildActionMask = 2147483647;
			files = (
			);
			runOnlyForDeploymentPostprocessing = 0;
		};
		99A71CBC28526B8A0060C1DA /* Frameworks */ = {
			isa = PBXFrameworksBuildPhase;
			buildActionMask = 2147483647;
			files = (
			);
			runOnlyForDeploymentPostprocessing = 0;
		};
/* End PBXFrameworksBuildPhase section */

/* Begin PBXGroup section */
		99A71C9628526B860060C1DA = {
			isa = PBXGroup;
			children = (
				99A71CA128526B860060C1DA /* SketchPad */,
				99A71CB828526B8A0060C1DA /* SketchPadTests */,
				99A71CC228526B8A0060C1DA /* SketchPadUITests */,
				99A71CA028526B860060C1DA /* Products */,
			);
			sourceTree = "<group>";
		};
		99A71CA028526B860060C1DA /* Products */ = {
			isa = PBXGroup;
			children = (
				99A71C9F28526B860060C1DA /* SketchPad.app */,
				99A71CB528526B8A0060C1DA /* SketchPadTests.xctest */,
				99A71CBF28526B8A0060C1DA /* SketchPadUITests.xctest */,
			);
			name = Products;
			sourceTree = "<group>";
		};
		99A71CA128526B860060C1DA /* SketchPad */ = {
			isa = PBXGroup;
			children = (
				99A71CD228526E600060C1DA /* Delegates */,
				99A71CD428526EC30060C1DA /* Features */,
				99A71CD328526EB30060C1DA /* SupportingFiles */,
			);
			path = SketchPad;
			sourceTree = "<group>";
		};
		99A71CB828526B8A0060C1DA /* SketchPadTests */ = {
			isa = PBXGroup;
			children = (
				99A71CB928526B8A0060C1DA /* SketchPadTests.swift */,
			);
			path = SketchPadTests;
			sourceTree = "<group>";
		};
		99A71CC228526B8A0060C1DA /* SketchPadUITests */ = {
			isa = PBXGroup;
			children = (
				99A71CC328526B8A0060C1DA /* SketchPadUITests.swift */,
				99A71CC528526B8A0060C1DA /* SketchPadUITestsLaunchTests.swift */,
			);
			path = SketchPadUITests;
			sourceTree = "<group>";
		};
		99A71CD228526E600060C1DA /* Delegates */ = {
			isa = PBXGroup;
			children = (
				99A71CA228526B860060C1DA /* AppDelegate.swift */,
				99A71CA428526B860060C1DA /* SceneDelegate.swift */,
			);
			path = Delegates;
			sourceTree = "<group>";
		};
		99A71CD328526EB30060C1DA /* SupportingFiles */ = {
			isa = PBXGroup;
			children = (
				99A71CD828526EEE0060C1DA /* LaunchScreen */,
				99A71CD628526EDB0060C1DA /* Colors */,
				99A71CD528526ED40060C1DA /* Assets */,
				99A71CD728526EE80060C1DA /* Plist */,
			);
			path = SupportingFiles;
			sourceTree = "<group>";
		};
		99A71CD428526EC30060C1DA /* Features */ = {
			isa = PBXGroup;
			children = (
				99A71CA628526B860060C1DA /* ViewController.swift */,
			);
			path = Features;
			sourceTree = "<group>";
		};
		99A71CD528526ED40060C1DA /* Assets */ = {
			isa = PBXGroup;
			children = (
				99A71CAB28526B8A0060C1DA /* Assets.xcassets */,
			);
			path = Assets;
			sourceTree = "<group>";
		};
		99A71CD628526EDB0060C1DA /* Colors */ = {
			isa = PBXGroup;
			children = (
				99A71CD928526F2F0060C1DA /* Colors.xcassets */,
			);
			path = Colors;
			sourceTree = "<group>";
		};
		99A71CD728526EE80060C1DA /* Plist */ = {
			isa = PBXGroup;
			children = (
				99A71CB028526B8A0060C1DA /* Info.plist */,
			);
			path = Plist;
			sourceTree = "<group>";
		};
		99A71CD828526EEE0060C1DA /* LaunchScreen */ = {
			isa = PBXGroup;
			children = (
				99A71CAD28526B8A0060C1DA /* LaunchScreen.storyboard */,
			);
			path = LaunchScreen;
			sourceTree = "<group>";
		};
/* End PBXGroup section */

/* Begin PBXNativeTarget section */
		99A71C9E28526B860060C1DA /* SketchPad */ = {
			isa = PBXNativeTarget;
			buildConfigurationList = 99A71CC928526B8A0060C1DA /* Build configuration list for PBXNativeTarget "SketchPad" */;
			buildPhases = (
				99A71C9B28526B860060C1DA /* Sources */,
				99A71C9C28526B860060C1DA /* Frameworks */,
				99A71C9D28526B860060C1DA /* Resources */,
			);
			buildRules = (
			);
			dependencies = (
			);
			name = SketchPad;
			productName = SketchPad;
			productReference = 99A71C9F28526B860060C1DA /* SketchPad.app */;
			productType = "com.apple.product-type.application";
		};
		99A71CB428526B8A0060C1DA /* SketchPadTests */ = {
			isa = PBXNativeTarget;
			buildConfigurationList = 99A71CCC28526B8A0060C1DA /* Build configuration list for PBXNativeTarget "SketchPadTests" */;
			buildPhases = (
				99A71CB128526B8A0060C1DA /* Sources */,
				99A71CB228526B8A0060C1DA /* Frameworks */,
				99A71CB328526B8A0060C1DA /* Resources */,
			);
			buildRules = (
			);
			dependencies = (
				99A71CB728526B8A0060C1DA /* PBXTargetDependency */,
			);
			name = SketchPadTests;
			productName = SketchPadTests;
			productReference = 99A71CB528526B8A0060C1DA /* SketchPadTests.xctest */;
			productType = "com.apple.product-type.bundle.unit-test";
		};
		99A71CBE28526B8A0060C1DA /* SketchPadUITests */ = {
			isa = PBXNativeTarget;
			buildConfigurationList = 99A71CCF28526B8A0060C1DA /* Build configuration list for PBXNativeTarget "SketchPadUITests" */;
			buildPhases = (
				99A71CBB28526B8A0060C1DA /* Sources */,
				99A71CBC28526B8A0060C1DA /* Frameworks */,
				99A71CBD28526B8A0060C1DA /* Resources */,
			);
			buildRules = (
			);
			dependencies = (
				99A71CC128526B8A0060C1DA /* PBXTargetDependency */,
			);
			name = SketchPadUITests;
			productName = SketchPadUITests;
			productReference = 99A71CBF28526B8A0060C1DA /* SketchPadUITests.xctest */;
			productType = "com.apple.product-type.bundle.ui-testing";
		};
/* End PBXNativeTarget section */

/* Begin PBXProject section */
		99A71C9728526B860060C1DA /* Project object */ = {
			isa = PBXProject;
			attributes = {
				BuildIndependentTargetsInParallel = 1;
				LastSwiftUpdateCheck = 1340;
				LastUpgradeCheck = 1340;
				TargetAttributes = {
					99A71C9E28526B860060C1DA = {
						CreatedOnToolsVersion = 13.4.1;
					};
					99A71CB428526B8A0060C1DA = {
						CreatedOnToolsVersion = 13.4.1;
						TestTargetID = 99A71C9E28526B860060C1DA;
					};
					99A71CBE28526B8A0060C1DA = {
						CreatedOnToolsVersion = 13.4.1;
						TestTargetID = 99A71C9E28526B860060C1DA;
					};
				};
			};
			buildConfigurationList = 99A71C9A28526B860060C1DA /* Build configuration list for PBXProject "SketchPad" */;
			compatibilityVersion = "Xcode 13.0";
			developmentRegion = en;
			hasScannedForEncodings = 0;
			knownRegions = (
				en,
				Base,
			);
			mainGroup = 99A71C9628526B860060C1DA;
			productRefGroup = 99A71CA028526B860060C1DA /* Products */;
			projectDirPath = "";
			projectRoot = "";
			targets = (
				99A71C9E28526B860060C1DA /* SketchPad */,
				99A71CB428526B8A0060C1DA /* SketchPadTests */,
				99A71CBE28526B8A0060C1DA /* SketchPadUITests */,
			);
		};
/* End PBXProject section */

/* Begin PBXResourcesBuildPhase section */
		99A71C9D28526B860060C1DA /* Resources */ = {
			isa = PBXResourcesBuildPhase;
			buildActionMask = 2147483647;
			files = (
				99A71CDA28526F2F0060C1DA /* Colors.xcassets in Resources */,
				99A71CAF28526B8A0060C1DA /* LaunchScreen.storyboard in Resources */,
				99A71CAC28526B8A0060C1DA /* Assets.xcassets in Resources */,
			);
			runOnlyForDeploymentPostprocessing = 0;
		};
		99A71CB328526B8A0060C1DA /* Resources */ = {
			isa = PBXResourcesBuildPhase;
			buildActionMask = 2147483647;
			files = (
			);
			runOnlyForDeploymentPostprocessing = 0;
		};
		99A71CBD28526B8A0060C1DA /* Resources */ = {
			isa = PBXResourcesBuildPhase;
			buildActionMask = 2147483647;
			files = (
			);
			runOnlyForDeploymentPostprocessing = 0;
		};
/* End PBXResourcesBuildPhase section */

/* Begin PBXSourcesBuildPhase section */
		99A71C9B28526B860060C1DA /* Sources */ = {
			isa = PBXSourcesBuildPhase;
			buildActionMask = 2147483647;
			files = (
				99A71CA728526B870060C1DA /* ViewController.swift in Sources */,
				99A71CA328526B860060C1DA /* AppDelegate.swift in Sources */,
				99A71CA528526B860060C1DA /* SceneDelegate.swift in Sources */,
			);
			runOnlyForDeploymentPostprocessing = 0;
		};
		99A71CB128526B8A0060C1DA /* Sources */ = {
			isa = PBXSourcesBuildPhase;
			buildActionMask = 2147483647;
			files = (
				99A71CBA28526B8A0060C1DA /* SketchPadTests.swift in Sources */,
			);
			runOnlyForDeploymentPostprocessing = 0;
		};
		99A71CBB28526B8A0060C1DA /* Sources */ = {
			isa = PBXSourcesBuildPhase;
			buildActionMask = 2147483647;
			files = (
				99A71CC628526B8A0060C1DA /* SketchPadUITestsLaunchTests.swift in Sources */,
				99A71CC428526B8A0060C1DA /* SketchPadUITests.swift in Sources */,
			);
			runOnlyForDeploymentPostprocessing = 0;
		};
/* End PBXSourcesBuildPhase section */

/* Begin PBXTargetDependency section */
		99A71CB728526B8A0060C1DA /* PBXTargetDependency */ = {
			isa = PBXTargetDependency;
			target = 99A71C9E28526B860060C1DA /* SketchPad */;
			targetProxy = 99A71CB628526B8A0060C1DA /* PBXContainerItemProxy */;
		};
		99A71CC128526B8A0060C1DA /* PBXTargetDependency */ = {
			isa = PBXTargetDependency;
			target = 99A71C9E28526B860060C1DA /* SketchPad */;
			targetProxy = 99A71CC028526B8A0060C1DA /* PBXContainerItemProxy */;
		};
/* End PBXTargetDependency section */

/* Begin PBXVariantGroup section */
		99A71CAD28526B8A0060C1DA /* LaunchScreen.storyboard */ = {
			isa = PBXVariantGroup;
			children = (
				99A71CAE28526B8A0060C1DA /* Base */,
			);
			name = LaunchScreen.storyboard;
			sourceTree = "<group>";
		};
/* End PBXVariantGroup section */

/* Begin XCBuildConfiguration section */
		99A71CC728526B8A0060C1DA /* Debug */ = {
			isa = XCBuildConfiguration;
			buildSettings = {
				ALWAYS_SEARCH_USER_PATHS = NO;
				CLANG_ANALYZER_NONNULL = YES;
				CLANG_ANALYZER_NUMBER_OBJECT_CONVERSION = YES_AGGRESSIVE;
				CLANG_CXX_LANGUAGE_STANDARD = "gnu++17";
				CLANG_ENABLE_MODULES = YES;
				CLANG_ENABLE_OBJC_ARC = YES;
				CLANG_ENABLE_OBJC_WEAK = YES;
				CLANG_WARN_BLOCK_CAPTURE_AUTORELEASING = YES;
				CLANG_WARN_BOOL_CONVERSION = YES;
				CLANG_WARN_COMMA = YES;
				CLANG_WARN_CONSTANT_CONVERSION = YES;
				CLANG_WARN_DEPRECATED_OBJC_IMPLEMENTATIONS = YES;
				CLANG_WARN_DIRECT_OBJC_ISA_USAGE = YES_ERROR;
				CLANG_WARN_DOCUMENTATION_COMMENTS = YES;
				CLANG_WARN_EMPTY_BODY = YES;
				CLANG_WARN_ENUM_CONVERSION = YES;
				CLANG_WARN_INFINITE_RECURSION = YES;
				CLANG_WARN_INT_CONVERSION = YES;
				CLANG_WARN_NON_LITERAL_NULL_CONVERSION = YES;
				CLANG_WARN_OBJC_IMPLICIT_RETAIN_SELF = YES;
				CLANG_WARN_OBJC_LITERAL_CONVERSION = YES;
				CLANG_WARN_OBJC_ROOT_CLASS = YES_ERROR;
				CLANG_WARN_QUOTED_INCLUDE_IN_FRAMEWORK_HEADER = YES;
				CLANG_WARN_RANGE_LOOP_ANALYSIS = YES;
				CLANG_WARN_STRICT_PROTOTYPES = YES;
				CLANG_WARN_SUSPICIOUS_MOVE = YES;
				CLANG_WARN_UNGUARDED_AVAILABILITY = YES_AGGRESSIVE;
				CLANG_WARN_UNREACHABLE_CODE = YES;
				CLANG_WARN__DUPLICATE_METHOD_MATCH = YES;
				COPY_PHASE_STRIP = NO;
				DEBUG_INFORMATION_FORMAT = dwarf;
				ENABLE_STRICT_OBJC_MSGSEND = YES;
				ENABLE_TESTABILITY = YES;
				GCC_C_LANGUAGE_STANDARD = gnu11;
				GCC_DYNAMIC_NO_PIC = NO;
				GCC_NO_COMMON_BLOCKS = YES;
				GCC_OPTIMIZATION_LEVEL = 0;
				GCC_PREPROCESSOR_DEFINITIONS = (
					"DEBUG=1",
					"$(inherited)",
				);
				GCC_WARN_64_TO_32_BIT_CONVERSION = YES;
				GCC_WARN_ABOUT_RETURN_TYPE = YES_ERROR;
				GCC_WARN_UNDECLARED_SELECTOR = YES;
				GCC_WARN_UNINITIALIZED_AUTOS = YES_AGGRESSIVE;
				GCC_WARN_UNUSED_FUNCTION = YES;
				GCC_WARN_UNUSED_VARIABLE = YES;
				IPHONEOS_DEPLOYMENT_TARGET = 15.5;
				MTL_ENABLE_DEBUG_INFO = INCLUDE_SOURCE;
				MTL_FAST_MATH = YES;
				ONLY_ACTIVE_ARCH = YES;
				SDKROOT = iphoneos;
				SWIFT_ACTIVE_COMPILATION_CONDITIONS = DEBUG;
				SWIFT_OPTIMIZATION_LEVEL = "-Onone";
			};
			name = Debug;
		};
		99A71CC828526B8A0060C1DA /* Release */ = {
			isa = XCBuildConfiguration;
			buildSettings = {
				ALWAYS_SEARCH_USER_PATHS = NO;
				CLANG_ANALYZER_NONNULL = YES;
				CLANG_ANALYZER_NUMBER_OBJECT_CONVERSION = YES_AGGRESSIVE;
				CLANG_CXX_LANGUAGE_STANDARD = "gnu++17";
				CLANG_ENABLE_MODULES = YES;
				CLANG_ENABLE_OBJC_ARC = YES;
				CLANG_ENABLE_OBJC_WEAK = YES;
				CLANG_WARN_BLOCK_CAPTURE_AUTORELEASING = YES;
				CLANG_WARN_BOOL_CONVERSION = YES;
				CLANG_WARN_COMMA = YES;
				CLANG_WARN_CONSTANT_CONVERSION = YES;
				CLANG_WARN_DEPRECATED_OBJC_IMPLEMENTATIONS = YES;
				CLANG_WARN_DIRECT_OBJC_ISA_USAGE = YES_ERROR;
				CLANG_WARN_DOCUMENTATION_COMMENTS = YES;
				CLANG_WARN_EMPTY_BODY = YES;
				CLANG_WARN_ENUM_CONVERSION = YES;
				CLANG_WARN_INFINITE_RECURSION = YES;
				CLANG_WARN_INT_CONVERSION = YES;
				CLANG_WARN_NON_LITERAL_NULL_CONVERSION = YES;
				CLANG_WARN_OBJC_IMPLICIT_RETAIN_SELF = YES;
				CLANG_WARN_OBJC_LITERAL_CONVERSION = YES;
				CLANG_WARN_OBJC_ROOT_CLASS = YES_ERROR;
				CLANG_WARN_QUOTED_INCLUDE_IN_FRAMEWORK_HEADER = YES;
				CLANG_WARN_RANGE_LOOP_ANALYSIS = YES;
				CLANG_WARN_STRICT_PROTOTYPES = YES;
				CLANG_WARN_SUSPICIOUS_MOVE = YES;
				CLANG_WARN_UNGUARDED_AVAILABILITY = YES_AGGRESSIVE;
				CLANG_WARN_UNREACHABLE_CODE = YES;
				CLANG_WARN__DUPLICATE_METHOD_MATCH = YES;
				COPY_PHASE_STRIP = NO;
				DEBUG_INFORMATION_FORMAT = "dwarf-with-dsym";
				ENABLE_NS_ASSERTIONS = NO;
				ENABLE_STRICT_OBJC_MSGSEND = YES;
				GCC_C_LANGUAGE_STANDARD = gnu11;
				GCC_NO_COMMON_BLOCKS = YES;
				GCC_WARN_64_TO_32_BIT_CONVERSION = YES;
				GCC_WARN_ABOUT_RETURN_TYPE = YES_ERROR;
				GCC_WARN_UNDECLARED_SELECTOR = YES;
				GCC_WARN_UNINITIALIZED_AUTOS = YES_AGGRESSIVE;
				GCC_WARN_UNUSED_FUNCTION = YES;
				GCC_WARN_UNUSED_VARIABLE = YES;
				IPHONEOS_DEPLOYMENT_TARGET = 15.5;
				MTL_ENABLE_DEBUG_INFO = NO;
				MTL_FAST_MATH = YES;
				SDKROOT = iphoneos;
				SWIFT_COMPILATION_MODE = wholemodule;
				SWIFT_OPTIMIZATION_LEVEL = "-O";
				VALIDATE_PRODUCT = YES;
			};
			name = Release;
		};
		99A71CCA28526B8A0060C1DA /* Debug */ = {
			isa = XCBuildConfiguration;
			buildSettings = {
				ASSETCATALOG_COMPILER_APPICON_NAME = AppIcon;
				ASSETCATALOG_COMPILER_GLOBAL_ACCENT_COLOR_NAME = AccentColor;
				CODE_SIGN_STYLE = Automatic;
				CURRENT_PROJECT_VERSION = 1;
				DEVELOPMENT_TEAM = QVCZFS2TP2;
				GENERATE_INFOPLIST_FILE = YES;
				INFOPLIST_FILE = SketchPad/SupportingFiles/Plist/Info.plist;
				INFOPLIST_KEY_CFBundleDisplayName = SketchPad;
				INFOPLIST_KEY_UIApplicationSupportsIndirectInputEvents = YES;
				INFOPLIST_KEY_UILaunchStoryboardName = LaunchScreen;
				INFOPLIST_KEY_UIMainStoryboardFile = Main;
				INFOPLIST_KEY_UISupportedInterfaceOrientations = UIInterfaceOrientationPortrait;
				INFOPLIST_KEY_UISupportedInterfaceOrientations_iPad = "UIInterfaceOrientationPortrait UIInterfaceOrientationPortraitUpsideDown UIInterfaceOrientationLandscapeLeft UIInterfaceOrientationLandscapeRight";
				INFOPLIST_KEY_UISupportedInterfaceOrientations_iPhone = UIInterfaceOrientationPortrait;
				IPHONEOS_DEPLOYMENT_TARGET = 14.0;
				LD_RUNPATH_SEARCH_PATHS = (
					"$(inherited)",
					"@executable_path/Frameworks",
				);
				MARKETING_VERSION = 1.0;
				PRODUCT_BUNDLE_IDENTIFIER = Asmaa.SketchPad;
				PRODUCT_NAME = "$(TARGET_NAME)";
				SWIFT_EMIT_LOC_STRINGS = YES;
				SWIFT_VERSION = 5.0;
				TARGETED_DEVICE_FAMILY = 1;
			};
			name = Debug;
		};
		99A71CCB28526B8A0060C1DA /* Release */ = {
			isa = XCBuildConfiguration;
			buildSettings = {
				ASSETCATALOG_COMPILER_APPICON_NAME = AppIcon;
				ASSETCATALOG_COMPILER_GLOBAL_ACCENT_COLOR_NAME = AccentColor;
				CODE_SIGN_STYLE = Automatic;
				CURRENT_PROJECT_VERSION = 1;
				DEVELOPMENT_TEAM = QVCZFS2TP2;
				GENERATE_INFOPLIST_FILE = YES;
				INFOPLIST_FILE = SketchPad/SupportingFiles/Plist/Info.plist;
				INFOPLIST_KEY_CFBundleDisplayName = SketchPad;
				INFOPLIST_KEY_UIApplicationSupportsIndirectInputEvents = YES;
				INFOPLIST_KEY_UILaunchStoryboardName = LaunchScreen;
				INFOPLIST_KEY_UIMainStoryboardFile = Main;
				INFOPLIST_KEY_UISupportedInterfaceOrientations = UIInterfaceOrientationPortrait;
				INFOPLIST_KEY_UISupportedInterfaceOrientations_iPad = "UIInterfaceOrientationPortrait UIInterfaceOrientationPortraitUpsideDown UIInterfaceOrientationLandscapeLeft UIInterfaceOrientationLandscapeRight";
				INFOPLIST_KEY_UISupportedInterfaceOrientations_iPhone = UIInterfaceOrientationPortrait;
				IPHONEOS_DEPLOYMENT_TARGET = 14.0;
				LD_RUNPATH_SEARCH_PATHS = (
					"$(inherited)",
					"@executable_path/Frameworks",
				);
				MARKETING_VERSION = 1.0;
				PRODUCT_BUNDLE_IDENTIFIER = Asmaa.SketchPad;
				PRODUCT_NAME = "$(TARGET_NAME)";
				SWIFT_EMIT_LOC_STRINGS = YES;
				SWIFT_VERSION = 5.0;
				TARGETED_DEVICE_FAMILY = 1;
			};
			name = Release;
		};
		99A71CCD28526B8A0060C1DA /* Debug */ = {
			isa = XCBuildConfiguration;
			buildSettings = {
				ALWAYS_EMBED_SWIFT_STANDARD_LIBRARIES = YES;
				BUNDLE_LOADER = "$(TEST_HOST)";
				CODE_SIGN_STYLE = Automatic;
				CURRENT_PROJECT_VERSION = 1;
				DEVELOPMENT_TEAM = QVCZFS2TP2;
				GENERATE_INFOPLIST_FILE = YES;
				IPHONEOS_DEPLOYMENT_TARGET = 15.5;
				MARKETING_VERSION = 1.0;
				PRODUCT_BUNDLE_IDENTIFIER = Asmaa.SketchPadTests;
				PRODUCT_NAME = "$(TARGET_NAME)";
				SWIFT_EMIT_LOC_STRINGS = NO;
				SWIFT_VERSION = 5.0;
				TARGETED_DEVICE_FAMILY = "1,2";
				TEST_HOST = "$(BUILT_PRODUCTS_DIR)/SketchPad.app/SketchPad";
			};
			name = Debug;
		};
		99A71CCE28526B8A0060C1DA /* Release */ = {
			isa = XCBuildConfiguration;
			buildSettings = {
				ALWAYS_EMBED_SWIFT_STANDARD_LIBRARIES = YES;
				BUNDLE_LOADER = "$(TEST_HOST)";
				CODE_SIGN_STYLE = Automatic;
				CURRENT_PROJECT_VERSION = 1;
				DEVELOPMENT_TEAM = QVCZFS2TP2;
				GENERATE_INFOPLIST_FILE = YES;
				IPHONEOS_DEPLOYMENT_TARGET = 15.5;
				MARKETING_VERSION = 1.0;
				PRODUCT_BUNDLE_IDENTIFIER = Asmaa.SketchPadTests;
				PRODUCT_NAME = "$(TARGET_NAME)";
				SWIFT_EMIT_LOC_STRINGS = NO;
				SWIFT_VERSION = 5.0;
				TARGETED_DEVICE_FAMILY = "1,2";
				TEST_HOST = "$(BUILT_PRODUCTS_DIR)/SketchPad.app/SketchPad";
			};
			name = Release;
		};
		99A71CD028526B8A0060C1DA /* Debug */ = {
			isa = XCBuildConfiguration;
			buildSettings = {
				ALWAYS_EMBED_SWIFT_STANDARD_LIBRARIES = YES;
				CODE_SIGN_STYLE = Automatic;
				CURRENT_PROJECT_VERSION = 1;
				DEVELOPMENT_TEAM = QVCZFS2TP2;
				GENERATE_INFOPLIST_FILE = YES;
				MARKETING_VERSION = 1.0;
				PRODUCT_BUNDLE_IDENTIFIER = Asmaa.SketchPadUITests;
				PRODUCT_NAME = "$(TARGET_NAME)";
				SWIFT_EMIT_LOC_STRINGS = NO;
				SWIFT_VERSION = 5.0;
				TARGETED_DEVICE_FAMILY = "1,2";
				TEST_TARGET_NAME = SketchPad;
			};
			name = Debug;
		};
		99A71CD128526B8A0060C1DA /* Release */ = {
			isa = XCBuildConfiguration;
			buildSettings = {
				ALWAYS_EMBED_SWIFT_STANDARD_LIBRARIES = YES;
				CODE_SIGN_STYLE = Automatic;
				CURRENT_PROJECT_VERSION = 1;
				DEVELOPMENT_TEAM = QVCZFS2TP2;
				GENERATE_INFOPLIST_FILE = YES;
				MARKETING_VERSION = 1.0;
				PRODUCT_BUNDLE_IDENTIFIER = Asmaa.SketchPadUITests;
				PRODUCT_NAME = "$(TARGET_NAME)";
				SWIFT_EMIT_LOC_STRINGS = NO;
				SWIFT_VERSION = 5.0;
				TARGETED_DEVICE_FAMILY = "1,2";
				TEST_TARGET_NAME = SketchPad;
			};
			name = Release;
		};
/* End XCBuildConfiguration section */

/* Begin XCConfigurationList section */
		99A71C9A28526B860060C1DA /* Build configuration list for PBXProject "SketchPad" */ = {
			isa = XCConfigurationList;
			buildConfigurations = (
				99A71CC728526B8A0060C1DA /* Debug */,
				99A71CC828526B8A0060C1DA /* Release */,
			);
			defaultConfigurationIsVisible = 0;
			defaultConfigurationName = Release;
		};
		99A71CC928526B8A0060C1DA /* Build configuration list for PBXNativeTarget "SketchPad" */ = {
			isa = XCConfigurationList;
			buildConfigurations = (
				99A71CCA28526B8A0060C1DA /* Debug */,
				99A71CCB28526B8A0060C1DA /* Release */,
			);
			defaultConfigurationIsVisible = 0;
			defaultConfigurationName = Release;
		};
		99A71CCC28526B8A0060C1DA /* Build configuration list for PBXNativeTarget "SketchPadTests" */ = {
			isa = XCConfigurationList;
			buildConfigurations = (
				99A71CCD28526B8A0060C1DA /* Debug */,
				99A71CCE28526B8A0060C1DA /* Release */,
			);
			defaultConfigurationIsVisible = 0;
			defaultConfigurationName = Release;
		};
		99A71CCF28526B8A0060C1DA /* Build configuration list for PBXNativeTarget "SketchPadUITests" */ = {
			isa = XCConfigurationList;
			buildConfigurations = (
				99A71CD028526B8A0060C1DA /* Debug */,
				99A71CD128526B8A0060C1DA /* Release */,
			);
			defaultConfigurationIsVisible = 0;
			defaultConfigurationName = Release;
		};
/* End XCConfigurationList section */
	};
	rootObject = 99A71C9728526B860060C1DA /* Project object */;
}
