// !$*UTF8*$!
{
	archiveVersion = 1;
	classes = {
	};
	objectVersion = 55;
	objects = {

/* Begin PBXBuildFile section */
		9902C5BC2855402900498CD8 /* UIImageExtension.swift in Sources */ = {isa = PBXBuildFile; fileRef = 9902C5BB2855402900498CD8 /* UIImageExtension.swift */; };
		9902C5C02855420400498CD8 /* EnterNameViewController.swift in Sources */ = {isa = PBXBuildFile; fileRef = 9902C5BE2855420400498CD8 /* EnterNameViewController.swift */; };
		9902C5C62855458500498CD8 /* EnterNameViewModel.swift in Sources */ = {isa = PBXBuildFile; fileRef = 9902C5C52855458500498CD8 /* EnterNameViewModel.swift */; };
		9902C5C8285545B100498CD8 /* EnterNameCoordinator.swift in Sources */ = {isa = PBXBuildFile; fileRef = 9902C5C7285545B100498CD8 /* EnterNameCoordinator.swift */; };
		9902C5CB285547A500498CD8 /* EnterNameAlert.xib in Resources */ = {isa = PBXBuildFile; fileRef = 9902C5CA285547A400498CD8 /* EnterNameAlert.xib */; };
		9902C5CD285547E300498CD8 /* EnterNameAlert.swift in Sources */ = {isa = PBXBuildFile; fileRef = 9902C5CC285547E300498CD8 /* EnterNameAlert.swift */; };
		9902C5D42855657900498CD8 /* HistoryDataProvider.swift in Sources */ = {isa = PBXBuildFile; fileRef = 9902C5D32855657900498CD8 /* HistoryDataProvider.swift */; };
		9902C5D72855719B00498CD8 /* HistorySketch.swift in Sources */ = {isa = PBXBuildFile; fileRef = 9902C5D62855719B00498CD8 /* HistorySketch.swift */; };
		993170892853EDEE00573750 /* UITableViewExtension.swift in Sources */ = {isa = PBXBuildFile; fileRef = 993170882853EDEE00573750 /* UITableViewExtension.swift */; };
		9931708D2853EE8200573750 /* HistoryTableViewCell.swift in Sources */ = {isa = PBXBuildFile; fileRef = 9931708B2853EE8200573750 /* HistoryTableViewCell.swift */; };
		9931708E2853EE8200573750 /* HistoryTableViewCell.xib in Resources */ = {isa = PBXBuildFile; fileRef = 9931708C2853EE8200573750 /* HistoryTableViewCell.xib */; };
		9931709128542DFE00573750 /* LineInfo.swift in Sources */ = {isa = PBXBuildFile; fileRef = 9931709028542DFE00573750 /* LineInfo.swift */; };
		993BF3272854E960004F9E4B /* UIBezierPathExtension.swift in Sources */ = {isa = PBXBuildFile; fileRef = 993BF3262854E960004F9E4B /* UIBezierPathExtension.swift */; };
		993BF32D28552EC7004F9E4B /* CachingManager.swift in Sources */ = {isa = PBXBuildFile; fileRef = 993BF32C28552EC7004F9E4B /* CachingManager.swift */; };
		993BF33028552F0C004F9E4B /* SketchHistory.xcdatamodeld in Sources */ = {isa = PBXBuildFile; fileRef = 993BF32E28552F0C004F9E4B /* SketchHistory.xcdatamodeld */; };
		99527A562853C82A005609F4 /* HistoryCoordinator.swift in Sources */ = {isa = PBXBuildFile; fileRef = 99527A552853C82A005609F4 /* HistoryCoordinator.swift */; };
		99527A592853E099005609F4 /* HistoryViewModel.swift in Sources */ = {isa = PBXBuildFile; fileRef = 99527A582853E099005609F4 /* HistoryViewModel.swift */; };
		99527A5E2853EA04005609F4 /* HistoryViewController.xib in Resources */ = {isa = PBXBuildFile; fileRef = 99527A5D2853EA04005609F4 /* HistoryViewController.xib */; };
		997D6C6E2854BF37000A2AEE /* UIImageViewExtension.swift in Sources */ = {isa = PBXBuildFile; fileRef = 997D6C6D2854BF37000A2AEE /* UIImageViewExtension.swift */; };
		998B026D2852CDF900D58A8F /* UIViewExtension.swift in Sources */ = {isa = PBXBuildFile; fileRef = 998B026C2852CDF900D58A8F /* UIViewExtension.swift */; };
		998B02702852D00800D58A8F /* TitleConstant.swift in Sources */ = {isa = PBXBuildFile; fileRef = 998B026F2852D00800D58A8F /* TitleConstant.swift */; };
		998B02732852E06600D58A8F /* DrawingTopBar.swift in Sources */ = {isa = PBXBuildFile; fileRef = 998B02722852E06600D58A8F /* DrawingTopBar.swift */; };
		998B02752852E08200D58A8F /* DrawingTopBar.xib in Resources */ = {isa = PBXBuildFile; fileRef = 998B02742852E08200D58A8F /* DrawingTopBar.xib */; };
		998B027828535CE700D58A8F /* SketchView.xib in Resources */ = {isa = PBXBuildFile; fileRef = 998B027728535CE700D58A8F /* SketchView.xib */; };
		998B027A28535E0900D58A8F /* SketchView.swift in Sources */ = {isa = PBXBuildFile; fileRef = 998B027928535E0900D58A8F /* SketchView.swift */; };
		998B028328536CF900D58A8F /* DrawingBottomBar.swift in Sources */ = {isa = PBXBuildFile; fileRef = 998B028228536CF800D58A8F /* DrawingBottomBar.swift */; };
		998B028528536D0900D58A8F /* DrawingBottomBar.xib in Resources */ = {isa = PBXBuildFile; fileRef = 998B028428536D0900D58A8F /* DrawingBottomBar.xib */; };
		998B0288285370D100D58A8F /* DrawingArea.swift in Sources */ = {isa = PBXBuildFile; fileRef = 998B0287285370D100D58A8F /* DrawingArea.swift */; };
		998B028C285378D800D58A8F /* DrawingViewModel.swift in Sources */ = {isa = PBXBuildFile; fileRef = 998B028B285378D800D58A8F /* DrawingViewModel.swift */; };
		998B028E28537A4700D58A8F /* DrawingCoordinator.swift in Sources */ = {isa = PBXBuildFile; fileRef = 998B028D28537A4700D58A8F /* DrawingCoordinator.swift */; };
		998B0291285393BC00D58A8F /* PhotoLibraryManager.swift in Sources */ = {isa = PBXBuildFile; fileRef = 998B0290285393BC00D58A8F /* PhotoLibraryManager.swift */; };
		998B02932853943900D58A8F /* AppError.swift in Sources */ = {isa = PBXBuildFile; fileRef = 998B02922853943900D58A8F /* AppError.swift */; };
		998B029828539C3B00D58A8F /* StatePresentable.swift in Sources */ = {isa = PBXBuildFile; fileRef = 998B029728539C3B00D58A8F /* StatePresentable.swift */; };
		998B029A28539EC700D58A8F /* UINavigationControllerExtension.swift in Sources */ = {isa = PBXBuildFile; fileRef = 998B029928539EC700D58A8F /* UINavigationControllerExtension.swift */; };
		998B02A12853A83000D58A8F /* PreviewViewModel.swift in Sources */ = {isa = PBXBuildFile; fileRef = 998B02A02853A83000D58A8F /* PreviewViewModel.swift */; };
		998B02A52853A8A000D58A8F /* PreviewTopBar.swift in Sources */ = {isa = PBXBuildFile; fileRef = 998B02A42853A8A000D58A8F /* PreviewTopBar.swift */; };
		998B02A72853A8B300D58A8F /* PreviewTopBar.xib in Resources */ = {isa = PBXBuildFile; fileRef = 998B02A62853A8B300D58A8F /* PreviewTopBar.xib */; };
		998B02AA2853A8D300D58A8F /* PreviewViewController.swift in Sources */ = {isa = PBXBuildFile; fileRef = 998B02A82853A8D300D58A8F /* PreviewViewController.swift */; };
		998B02AE2853A92000D58A8F /* PreviewCoordinator.swift in Sources */ = {isa = PBXBuildFile; fileRef = 998B02AD2853A92000D58A8F /* PreviewCoordinator.swift */; };
		998B02B12853B07F00D58A8F /* PreviewSketchView.swift in Sources */ = {isa = PBXBuildFile; fileRef = 998B02B02853B07F00D58A8F /* PreviewSketchView.swift */; };
		998B02B32853B08D00D58A8F /* PreviewSketchView.xib in Resources */ = {isa = PBXBuildFile; fileRef = 998B02B22853B08D00D58A8F /* PreviewSketchView.xib */; };
		99A71CA328526B860060C1DA /* AppDelegate.swift in Sources */ = {isa = PBXBuildFile; fileRef = 99A71CA228526B860060C1DA /* AppDelegate.swift */; };
		99A71CA528526B860060C1DA /* SceneDelegate.swift in Sources */ = {isa = PBXBuildFile; fileRef = 99A71CA428526B860060C1DA /* SceneDelegate.swift */; };
		99A71CAC28526B8A0060C1DA /* Assets.xcassets in Resources */ = {isa = PBXBuildFile; fileRef = 99A71CAB28526B8A0060C1DA /* Assets.xcassets */; };
		99A71CAF28526B8A0060C1DA /* LaunchScreen.storyboard in Resources */ = {isa = PBXBuildFile; fileRef = 99A71CAD28526B8A0060C1DA /* LaunchScreen.storyboard */; };
		99A71CBA28526B8A0060C1DA /* SketchPadTests.swift in Sources */ = {isa = PBXBuildFile; fileRef = 99A71CB928526B8A0060C1DA /* SketchPadTests.swift */; };
		99A71CC428526B8A0060C1DA /* SketchPadUITests.swift in Sources */ = {isa = PBXBuildFile; fileRef = 99A71CC328526B8A0060C1DA /* SketchPadUITests.swift */; };
		99A71CC628526B8A0060C1DA /* SketchPadUITestsLaunchTests.swift in Sources */ = {isa = PBXBuildFile; fileRef = 99A71CC528526B8A0060C1DA /* SketchPadUITestsLaunchTests.swift */; };
		99A71CDA28526F2F0060C1DA /* Colors.xcassets in Resources */ = {isa = PBXBuildFile; fileRef = 99A71CD928526F2F0060C1DA /* Colors.xcassets */; };
		99A71CE82852ADDB0060C1DA /* DrawingViewController.swift in Sources */ = {isa = PBXBuildFile; fileRef = 99A71CE62852ADDB0060C1DA /* DrawingViewController.swift */; };
		99A71CEC2852ADF70060C1DA /* HistoryViewController.swift in Sources */ = {isa = PBXBuildFile; fileRef = 99A71CEA2852ADF70060C1DA /* HistoryViewController.swift */; };
		99A71CEF2852AE4A0060C1DA /* TabBarCoordinator.swift in Sources */ = {isa = PBXBuildFile; fileRef = 99A71CEE2852AE4A0060C1DA /* TabBarCoordinator.swift */; };
		99A71CF12852AF0C0060C1DA /* AppColor.swift in Sources */ = {isa = PBXBuildFile; fileRef = 99A71CF02852AF0C0060C1DA /* AppColor.swift */; };
		99A71CF32852AFE30060C1DA /* AppImage.swift in Sources */ = {isa = PBXBuildFile; fileRef = 99A71CF22852AFE30060C1DA /* AppImage.swift */; };
		99A71CF52852B4470060C1DA /* Tab.swift in Sources */ = {isa = PBXBuildFile; fileRef = 99A71CF42852B4470060C1DA /* Tab.swift */; };
		99A71CF92852B7640060C1DA /* Coordinator.swift in Sources */ = {isa = PBXBuildFile; fileRef = 99A71CF82852B7630060C1DA /* Coordinator.swift */; };
		99A71CFB2852C0790060C1DA /* AppCoordinator.swift in Sources */ = {isa = PBXBuildFile; fileRef = 99A71CFA2852C0790060C1DA /* AppCoordinator.swift */; };
		99A71CFF2852CC7C0060C1DA /* FilledButton.swift in Sources */ = {isa = PBXBuildFile; fileRef = 99A71CFE2852CC7C0060C1DA /* FilledButton.swift */; };
		99F6618D285537AB008DA790 /* Sketch.swift in Sources */ = {isa = PBXBuildFile; fileRef = 99F6618C285537AB008DA790 /* Sketch.swift */; };
/* End PBXBuildFile section */

/* Begin PBXContainerItemProxy section */
		99A71CB628526B8A0060C1DA /* PBXContainerItemProxy */ = {
			isa = PBXContainerItemProxy;
			containerPortal = 99A71C9728526B860060C1DA /* Project object */;
			proxyType = 1;
			remoteGlobalIDString = 99A71C9E28526B860060C1DA;
			remoteInfo = SketchPad;
		};
		99A71CC028526B8A0060C1DA /* PBXContainerItemProxy */ = {
			isa = PBXContainerItemProxy;
			containerPortal = 99A71C9728526B860060C1DA /* Project object */;
			proxyType = 1;
			remoteGlobalIDString = 99A71C9E28526B860060C1DA;
			remoteInfo = SketchPad;
		};
/* End PBXContainerItemProxy section */

/* Begin PBXFileReference section */
		9902C5BB2855402900498CD8 /* UIImageExtension.swift */ = {isa = PBXFileReference; fileEncoding = 4; lastKnownFileType = sourcecode.swift; path = UIImageExtension.swift; sourceTree = "<group>"; };
		9902C5BE2855420400498CD8 /* EnterNameViewController.swift */ = {isa = PBXFileReference; lastKnownFileType = sourcecode.swift; path = EnterNameViewController.swift; sourceTree = "<group>"; };
		9902C5C52855458500498CD8 /* EnterNameViewModel.swift */ = {isa = PBXFileReference; lastKnownFileType = sourcecode.swift; path = EnterNameViewModel.swift; sourceTree = "<group>"; };
		9902C5C7285545B100498CD8 /* EnterNameCoordinator.swift */ = {isa = PBXFileReference; lastKnownFileType = sourcecode.swift; path = EnterNameCoordinator.swift; sourceTree = "<group>"; };
		9902C5CA285547A400498CD8 /* EnterNameAlert.xib */ = {isa = PBXFileReference; lastKnownFileType = file.xib; path = EnterNameAlert.xib; sourceTree = "<group>"; };
		9902C5CC285547E300498CD8 /* EnterNameAlert.swift */ = {isa = PBXFileReference; lastKnownFileType = sourcecode.swift; path = EnterNameAlert.swift; sourceTree = "<group>"; };
		9902C5D32855657900498CD8 /* HistoryDataProvider.swift */ = {isa = PBXFileReference; lastKnownFileType = sourcecode.swift; path = HistoryDataProvider.swift; sourceTree = "<group>"; };
		9902C5D62855719B00498CD8 /* HistorySketch.swift */ = {isa = PBXFileReference; lastKnownFileType = sourcecode.swift; path = HistorySketch.swift; sourceTree = "<group>"; };
		993170882853EDEE00573750 /* UITableViewExtension.swift */ = {isa = PBXFileReference; lastKnownFileType = sourcecode.swift; path = UITableViewExtension.swift; sourceTree = "<group>"; };
		9931708B2853EE8200573750 /* HistoryTableViewCell.swift */ = {isa = PBXFileReference; lastKnownFileType = sourcecode.swift; path = HistoryTableViewCell.swift; sourceTree = "<group>"; };
		9931708C2853EE8200573750 /* HistoryTableViewCell.xib */ = {isa = PBXFileReference; lastKnownFileType = file.xib; path = HistoryTableViewCell.xib; sourceTree = "<group>"; };
		9931709028542DFE00573750 /* LineInfo.swift */ = {isa = PBXFileReference; lastKnownFileType = sourcecode.swift; path = LineInfo.swift; sourceTree = "<group>"; };
		993BF3262854E960004F9E4B /* UIBezierPathExtension.swift */ = {isa = PBXFileReference; lastKnownFileType = sourcecode.swift; path = UIBezierPathExtension.swift; sourceTree = "<group>"; };
		993BF32C28552EC7004F9E4B /* CachingManager.swift */ = {isa = PBXFileReference; lastKnownFileType = sourcecode.swift; path = CachingManager.swift; sourceTree = "<group>"; };
		993BF32F28552F0C004F9E4B /* SketchHistory.xcdatamodel */ = {isa = PBXFileReference; lastKnownFileType = wrapper.xcdatamodel; path = SketchHistory.xcdatamodel; sourceTree = "<group>"; };
		99527A552853C82A005609F4 /* HistoryCoordinator.swift */ = {isa = PBXFileReference; lastKnownFileType = sourcecode.swift; path = HistoryCoordinator.swift; sourceTree = "<group>"; };
		99527A582853E099005609F4 /* HistoryViewModel.swift */ = {isa = PBXFileReference; lastKnownFileType = sourcecode.swift; path = HistoryViewModel.swift; sourceTree = "<group>"; };
		99527A5D2853EA04005609F4 /* HistoryViewController.xib */ = {isa = PBXFileReference; lastKnownFileType = file.xib; path = HistoryViewController.xib; sourceTree = "<group>"; };
		997D6C6D2854BF37000A2AEE /* UIImageViewExtension.swift */ = {isa = PBXFileReference; lastKnownFileType = sourcecode.swift; path = UIImageViewExtension.swift; sourceTree = "<group>"; };
		998B026C2852CDF900D58A8F /* UIViewExtension.swift */ = {isa = PBXFileReference; lastKnownFileType = sourcecode.swift; path = UIViewExtension.swift; sourceTree = "<group>"; };
		998B026F2852D00800D58A8F /* TitleConstant.swift */ = {isa = PBXFileReference; lastKnownFileType = sourcecode.swift; path = TitleConstant.swift; sourceTree = "<group>"; };
		998B02722852E06600D58A8F /* DrawingTopBar.swift */ = {isa = PBXFileReference; lastKnownFileType = sourcecode.swift; path = DrawingTopBar.swift; sourceTree = "<group>"; };
		998B02742852E08200D58A8F /* DrawingTopBar.xib */ = {isa = PBXFileReference; lastKnownFileType = file.xib; path = DrawingTopBar.xib; sourceTree = "<group>"; };
		998B027728535CE700D58A8F /* SketchView.xib */ = {isa = PBXFileReference; lastKnownFileType = file.xib; path = SketchView.xib; sourceTree = "<group>"; };
		998B027928535E0900D58A8F /* SketchView.swift */ = {isa = PBXFileReference; lastKnownFileType = sourcecode.swift; path = SketchView.swift; sourceTree = "<group>"; };
		998B028228536CF800D58A8F /* DrawingBottomBar.swift */ = {isa = PBXFileReference; lastKnownFileType = sourcecode.swift; path = DrawingBottomBar.swift; sourceTree = "<group>"; };
		998B028428536D0900D58A8F /* DrawingBottomBar.xib */ = {isa = PBXFileReference; lastKnownFileType = file.xib; path = DrawingBottomBar.xib; sourceTree = "<group>"; };
		998B0287285370D100D58A8F /* DrawingArea.swift */ = {isa = PBXFileReference; lastKnownFileType = sourcecode.swift; path = DrawingArea.swift; sourceTree = "<group>"; };
		998B028B285378D800D58A8F /* DrawingViewModel.swift */ = {isa = PBXFileReference; lastKnownFileType = sourcecode.swift; path = DrawingViewModel.swift; sourceTree = "<group>"; };
		998B028D28537A4700D58A8F /* DrawingCoordinator.swift */ = {isa = PBXFileReference; lastKnownFileType = sourcecode.swift; path = DrawingCoordinator.swift; sourceTree = "<group>"; };
		998B0290285393BC00D58A8F /* PhotoLibraryManager.swift */ = {isa = PBXFileReference; lastKnownFileType = sourcecode.swift; path = PhotoLibraryManager.swift; sourceTree = "<group>"; };
		998B02922853943900D58A8F /* AppError.swift */ = {isa = PBXFileReference; lastKnownFileType = sourcecode.swift; path = AppError.swift; sourceTree = "<group>"; };
		998B029728539C3B00D58A8F /* StatePresentable.swift */ = {isa = PBXFileReference; lastKnownFileType = sourcecode.swift; path = StatePresentable.swift; sourceTree = "<group>"; };
		998B029928539EC700D58A8F /* UINavigationControllerExtension.swift */ = {isa = PBXFileReference; lastKnownFileType = sourcecode.swift; path = UINavigationControllerExtension.swift; sourceTree = "<group>"; };
		998B02A02853A83000D58A8F /* PreviewViewModel.swift */ = {isa = PBXFileReference; lastKnownFileType = sourcecode.swift; path = PreviewViewModel.swift; sourceTree = "<group>"; };
		998B02A42853A8A000D58A8F /* PreviewTopBar.swift */ = {isa = PBXFileReference; lastKnownFileType = sourcecode.swift; path = PreviewTopBar.swift; sourceTree = "<group>"; };
		998B02A62853A8B300D58A8F /* PreviewTopBar.xib */ = {isa = PBXFileReference; lastKnownFileType = file.xib; path = PreviewTopBar.xib; sourceTree = "<group>"; };
		998B02A82853A8D300D58A8F /* PreviewViewController.swift */ = {isa = PBXFileReference; lastKnownFileType = sourcecode.swift; path = PreviewViewController.swift; sourceTree = "<group>"; };
		998B02AD2853A92000D58A8F /* PreviewCoordinator.swift */ = {isa = PBXFileReference; lastKnownFileType = sourcecode.swift; path = PreviewCoordinator.swift; sourceTree = "<group>"; };
		998B02B02853B07F00D58A8F /* PreviewSketchView.swift */ = {isa = PBXFileReference; lastKnownFileType = sourcecode.swift; path = PreviewSketchView.swift; sourceTree = "<group>"; };
		998B02B22853B08D00D58A8F /* PreviewSketchView.xib */ = {isa = PBXFileReference; lastKnownFileType = file.xib; path = PreviewSketchView.xib; sourceTree = "<group>"; };
		99A71C9F28526B860060C1DA /* SketchPad.app */ = {isa = PBXFileReference; explicitFileType = wrapper.application; includeInIndex = 0; path = SketchPad.app; sourceTree = BUILT_PRODUCTS_DIR; };
		99A71CA228526B860060C1DA /* AppDelegate.swift */ = {isa = PBXFileReference; lastKnownFileType = sourcecode.swift; path = AppDelegate.swift; sourceTree = "<group>"; };
		99A71CA428526B860060C1DA /* SceneDelegate.swift */ = {isa = PBXFileReference; lastKnownFileType = sourcecode.swift; path = SceneDelegate.swift; sourceTree = "<group>"; };
		99A71CAB28526B8A0060C1DA /* Assets.xcassets */ = {isa = PBXFileReference; lastKnownFileType = folder.assetcatalog; path = Assets.xcassets; sourceTree = "<group>"; };
		99A71CAE28526B8A0060C1DA /* Base */ = {isa = PBXFileReference; lastKnownFileType = file.storyboard; name = Base; path = Base.lproj/LaunchScreen.storyboard; sourceTree = "<group>"; };
		99A71CB028526B8A0060C1DA /* Info.plist */ = {isa = PBXFileReference; lastKnownFileType = text.plist.xml; path = Info.plist; sourceTree = "<group>"; };
		99A71CB528526B8A0060C1DA /* SketchPadTests.xctest */ = {isa = PBXFileReference; explicitFileType = wrapper.cfbundle; includeInIndex = 0; path = SketchPadTests.xctest; sourceTree = BUILT_PRODUCTS_DIR; };
		99A71CB928526B8A0060C1DA /* SketchPadTests.swift */ = {isa = PBXFileReference; lastKnownFileType = sourcecode.swift; path = SketchPadTests.swift; sourceTree = "<group>"; };
		99A71CBF28526B8A0060C1DA /* SketchPadUITests.xctest */ = {isa = PBXFileReference; explicitFileType = wrapper.cfbundle; includeInIndex = 0; path = SketchPadUITests.xctest; sourceTree = BUILT_PRODUCTS_DIR; };
		99A71CC328526B8A0060C1DA /* SketchPadUITests.swift */ = {isa = PBXFileReference; lastKnownFileType = sourcecode.swift; path = SketchPadUITests.swift; sourceTree = "<group>"; };
		99A71CC528526B8A0060C1DA /* SketchPadUITestsLaunchTests.swift */ = {isa = PBXFileReference; lastKnownFileType = sourcecode.swift; path = SketchPadUITestsLaunchTests.swift; sourceTree = "<group>"; };
		99A71CD928526F2F0060C1DA /* Colors.xcassets */ = {isa = PBXFileReference; lastKnownFileType = folder.assetcatalog; path = Colors.xcassets; sourceTree = "<group>"; };
		99A71CE62852ADDB0060C1DA /* DrawingViewController.swift */ = {isa = PBXFileReference; lastKnownFileType = sourcecode.swift; path = DrawingViewController.swift; sourceTree = "<group>"; };
		99A71CEA2852ADF70060C1DA /* HistoryViewController.swift */ = {isa = PBXFileReference; lastKnownFileType = sourcecode.swift; path = HistoryViewController.swift; sourceTree = "<group>"; };
		99A71CEE2852AE4A0060C1DA /* TabBarCoordinator.swift */ = {isa = PBXFileReference; lastKnownFileType = sourcecode.swift; path = TabBarCoordinator.swift; sourceTree = "<group>"; };
		99A71CF02852AF0C0060C1DA /* AppColor.swift */ = {isa = PBXFileReference; lastKnownFileType = sourcecode.swift; path = AppColor.swift; sourceTree = "<group>"; };
		99A71CF22852AFE30060C1DA /* AppImage.swift */ = {isa = PBXFileReference; lastKnownFileType = sourcecode.swift; path = AppImage.swift; sourceTree = "<group>"; };
		99A71CF42852B4470060C1DA /* Tab.swift */ = {isa = PBXFileReference; lastKnownFileType = sourcecode.swift; path = Tab.swift; sourceTree = "<group>"; };
		99A71CF82852B7630060C1DA /* Coordinator.swift */ = {isa = PBXFileReference; lastKnownFileType = sourcecode.swift; path = Coordinator.swift; sourceTree = "<group>"; };
		99A71CFA2852C0790060C1DA /* AppCoordinator.swift */ = {isa = PBXFileReference; lastKnownFileType = sourcecode.swift; path = AppCoordinator.swift; sourceTree = "<group>"; };
		99A71CFE2852CC7C0060C1DA /* FilledButton.swift */ = {isa = PBXFileReference; lastKnownFileType = sourcecode.swift; path = FilledButton.swift; sourceTree = "<group>"; };
		99F6618C285537AB008DA790 /* Sketch.swift */ = {isa = PBXFileReference; lastKnownFileType = sourcecode.swift; path = Sketch.swift; sourceTree = "<group>"; };
/* End PBXFileReference section */

/* Begin PBXFrameworksBuildPhase section */
		99A71C9C28526B860060C1DA /* Frameworks */ = {
			isa = PBXFrameworksBuildPhase;
			buildActionMask = 2147483647;
			files = (
			);
			runOnlyForDeploymentPostprocessing = 0;
		};
		99A71CB228526B8A0060C1DA /* Frameworks */ = {
			isa = PBXFrameworksBuildPhase;
			buildActionMask = 2147483647;
			files = (
			);
			runOnlyForDeploymentPostprocessing = 0;
		};
		99A71CBC28526B8A0060C1DA /* Frameworks */ = {
			isa = PBXFrameworksBuildPhase;
			buildActionMask = 2147483647;
			files = (
			);
			runOnlyForDeploymentPostprocessing = 0;
		};
/* End PBXFrameworksBuildPhase section */

/* Begin PBXGroup section */
		9902C5BD285541C800498CD8 /* ImageNameAlert */ = {
			isa = PBXGroup;
			children = (
				9902C5C42855456E00498CD8 /* Coordinator */,
				9902C5C92855476A00498CD8 /* SubView */,
				9902C5C22855454300498CD8 /* View */,
				9902C5C32855456300498CD8 /* ViewModel */,
			);
			path = ImageNameAlert;
			sourceTree = "<group>";
		};
		9902C5C22855454300498CD8 /* View */ = {
			isa = PBXGroup;
			children = (
				9902C5BE2855420400498CD8 /* EnterNameViewController.swift */,
			);
			path = View;
			sourceTree = "<group>";
		};
		9902C5C32855456300498CD8 /* ViewModel */ = {
			isa = PBXGroup;
			children = (
				9902C5C52855458500498CD8 /* EnterNameViewModel.swift */,
			);
			path = ViewModel;
			sourceTree = "<group>";
		};
		9902C5C42855456E00498CD8 /* Coordinator */ = {
			isa = PBXGroup;
			children = (
				9902C5C7285545B100498CD8 /* EnterNameCoordinator.swift */,
			);
			path = Coordinator;
			sourceTree = "<group>";
		};
		9902C5C92855476A00498CD8 /* SubView */ = {
			isa = PBXGroup;
			children = (
				9902C5CC285547E300498CD8 /* EnterNameAlert.swift */,
				9902C5CA285547A400498CD8 /* EnterNameAlert.xib */,
			);
			path = SubView;
			sourceTree = "<group>";
		};
		9902C5D22855655F00498CD8 /* UseCase */ = {
			isa = PBXGroup;
			children = (
				9902C5D32855657900498CD8 /* HistoryDataProvider.swift */,
			);
			path = UseCase;
			sourceTree = "<group>";
		};
		9902C5D52855718600498CD8 /* Model */ = {
			isa = PBXGroup;
			children = (
				9902C5D62855719B00498CD8 /* HistorySketch.swift */,
			);
			path = Model;
			sourceTree = "<group>";
		};
		9931708A2853EE6900573750 /* Cell */ = {
			isa = PBXGroup;
			children = (
				9931708B2853EE8200573750 /* HistoryTableViewCell.swift */,
				9931708C2853EE8200573750 /* HistoryTableViewCell.xib */,
			);
			path = Cell;
			sourceTree = "<group>";
		};
		9931708F28542DE700573750 /* Model */ = {
			isa = PBXGroup;
			children = (
				9931709028542DFE00573750 /* LineInfo.swift */,
			);
			path = Model;
			sourceTree = "<group>";
		};
		993BF32B28552EB9004F9E4B /* CoreData */ = {
			isa = PBXGroup;
			children = (
				993BF32E28552F0C004F9E4B /* SketchHistory.xcdatamodeld */,
			);
			path = CoreData;
			sourceTree = "<group>";
		};
		99527A532853C7D7005609F4 /* View */ = {
			isa = PBXGroup;
			children = (
				9931708A2853EE6900573750 /* Cell */,
				99A71CEA2852ADF70060C1DA /* HistoryViewController.swift */,
				99527A5D2853EA04005609F4 /* HistoryViewController.xib */,
			);
			path = View;
			sourceTree = "<group>";
		};
		99527A542853C7F3005609F4 /* Coordinator */ = {
			isa = PBXGroup;
			children = (
				99527A552853C82A005609F4 /* HistoryCoordinator.swift */,
			);
			path = Coordinator;
			sourceTree = "<group>";
		};
		99527A572853DF14005609F4 /* ViewModel */ = {
			isa = PBXGroup;
			children = (
				99527A582853E099005609F4 /* HistoryViewModel.swift */,
			);
			path = ViewModel;
			sourceTree = "<group>";
		};
		998B026E2852CFF800D58A8F /* Constants */ = {
			isa = PBXGroup;
			children = (
				998B026F2852D00800D58A8F /* TitleConstant.swift */,
				998B02922853943900D58A8F /* AppError.swift */,
			);
			path = Constants;
			sourceTree = "<group>";
		};
		998B02712852DFD200D58A8F /* Subviews */ = {
			isa = PBXGroup;
			children = (
				998B027628535CC700D58A8F /* SketchView */,
				998B027B28535EC400D58A8F /* DrawingTopBar */,
				998B02862853709A00D58A8F /* DrawingArea */,
				998B028128536CC600D58A8F /* DrawingBottomBar */,
			);
			path = Subviews;
			sourceTree = "<group>";
		};
		998B027628535CC700D58A8F /* SketchView */ = {
			isa = PBXGroup;
			children = (
				998B027928535E0900D58A8F /* SketchView.swift */,
				998B027728535CE700D58A8F /* SketchView.xib */,
			);
			path = SketchView;
			sourceTree = "<group>";
		};
		998B027B28535EC400D58A8F /* DrawingTopBar */ = {
			isa = PBXGroup;
			children = (
				998B02722852E06600D58A8F /* DrawingTopBar.swift */,
				998B02742852E08200D58A8F /* DrawingTopBar.xib */,
			);
			path = DrawingTopBar;
			sourceTree = "<group>";
		};
		998B028128536CC600D58A8F /* DrawingBottomBar */ = {
			isa = PBXGroup;
			children = (
				998B028228536CF800D58A8F /* DrawingBottomBar.swift */,
				998B028428536D0900D58A8F /* DrawingBottomBar.xib */,
			);
			path = DrawingBottomBar;
			sourceTree = "<group>";
		};
		998B02862853709A00D58A8F /* DrawingArea */ = {
			isa = PBXGroup;
			children = (
				998B0287285370D100D58A8F /* DrawingArea.swift */,
			);
			path = DrawingArea;
			sourceTree = "<group>";
		};
		998B0289285378AC00D58A8F /* ViewModel */ = {
			isa = PBXGroup;
			children = (
				998B028B285378D800D58A8F /* DrawingViewModel.swift */,
			);
			path = ViewModel;
			sourceTree = "<group>";
		};
		998B028A285378BD00D58A8F /* Coordinator */ = {
			isa = PBXGroup;
			children = (
				998B028D28537A4700D58A8F /* DrawingCoordinator.swift */,
			);
			path = Coordinator;
			sourceTree = "<group>";
		};
		998B028F285393A300D58A8F /* Managers */ = {
			isa = PBXGroup;
			children = (
				998B0290285393BC00D58A8F /* PhotoLibraryManager.swift */,
				993BF32C28552EC7004F9E4B /* CachingManager.swift */,
			);
			path = Managers;
			sourceTree = "<group>";
		};
		998B029B2853A77000D58A8F /* Preview */ = {
			isa = PBXGroup;
			children = (
				99F6618B2855379C008DA790 /* Model */,
				998B02AC2853A90E00D58A8F /* Coordinator */,
				998B02A22853A86300D58A8F /* Subviews */,
				998B029C2853A77E00D58A8F /* View */,
				998B029F2853A81900D58A8F /* ViewModel */,
			);
			path = Preview;
			sourceTree = "<group>";
		};
		998B029C2853A77E00D58A8F /* View */ = {
			isa = PBXGroup;
			children = (
				998B02A82853A8D300D58A8F /* PreviewViewController.swift */,
			);
			path = View;
			sourceTree = "<group>";
		};
		998B029F2853A81900D58A8F /* ViewModel */ = {
			isa = PBXGroup;
			children = (
				998B02A02853A83000D58A8F /* PreviewViewModel.swift */,
			);
			path = ViewModel;
			sourceTree = "<group>";
		};
		998B02A22853A86300D58A8F /* Subviews */ = {
			isa = PBXGroup;
			children = (
				998B02AF2853B04200D58A8F /* PreviewView */,
				998B02A32853A87D00D58A8F /* PreviewTopBar */,
			);
			path = Subviews;
			sourceTree = "<group>";
		};
		998B02A32853A87D00D58A8F /* PreviewTopBar */ = {
			isa = PBXGroup;
			children = (
				998B02A42853A8A000D58A8F /* PreviewTopBar.swift */,
				998B02A62853A8B300D58A8F /* PreviewTopBar.xib */,
			);
			path = PreviewTopBar;
			sourceTree = "<group>";
		};
		998B02AC2853A90E00D58A8F /* Coordinator */ = {
			isa = PBXGroup;
			children = (
				998B02AD2853A92000D58A8F /* PreviewCoordinator.swift */,
			);
			path = Coordinator;
			sourceTree = "<group>";
		};
		998B02AF2853B04200D58A8F /* PreviewView */ = {
			isa = PBXGroup;
			children = (
				998B02B02853B07F00D58A8F /* PreviewSketchView.swift */,
				998B02B22853B08D00D58A8F /* PreviewSketchView.xib */,
			);
			path = PreviewView;
			sourceTree = "<group>";
		};
		99A71C9628526B860060C1DA = {
			isa = PBXGroup;
			children = (
				99A71CA128526B860060C1DA /* SketchPad */,
				99A71CB828526B8A0060C1DA /* SketchPadTests */,
				99A71CC228526B8A0060C1DA /* SketchPadUITests */,
				99A71CA028526B860060C1DA /* Products */,
			);
			sourceTree = "<group>";
		};
		99A71CA028526B860060C1DA /* Products */ = {
			isa = PBXGroup;
			children = (
				99A71C9F28526B860060C1DA /* SketchPad.app */,
				99A71CB528526B8A0060C1DA /* SketchPadTests.xctest */,
				99A71CBF28526B8A0060C1DA /* SketchPadUITests.xctest */,
			);
			name = Products;
			sourceTree = "<group>";
		};
		99A71CA128526B860060C1DA /* SketchPad */ = {
			isa = PBXGroup;
			children = (
				99A71CD228526E600060C1DA /* Delegates */,
				99A71CD428526EC30060C1DA /* Features */,
				99A71CF62852B7350060C1DA /* Helper */,
				99A71CD328526EB30060C1DA /* SupportingFiles */,
			);
			path = SketchPad;
			sourceTree = "<group>";
		};
		99A71CB828526B8A0060C1DA /* SketchPadTests */ = {
			isa = PBXGroup;
			children = (
				99A71CB928526B8A0060C1DA /* SketchPadTests.swift */,
			);
			path = SketchPadTests;
			sourceTree = "<group>";
		};
		99A71CC228526B8A0060C1DA /* SketchPadUITests */ = {
			isa = PBXGroup;
			children = (
				99A71CC328526B8A0060C1DA /* SketchPadUITests.swift */,
				99A71CC528526B8A0060C1DA /* SketchPadUITestsLaunchTests.swift */,
			);
			path = SketchPadUITests;
			sourceTree = "<group>";
		};
		99A71CD228526E600060C1DA /* Delegates */ = {
			isa = PBXGroup;
			children = (
				99A71CFA2852C0790060C1DA /* AppCoordinator.swift */,
				99A71CA228526B860060C1DA /* AppDelegate.swift */,
				99A71CA428526B860060C1DA /* SceneDelegate.swift */,
			);
			path = Delegates;
			sourceTree = "<group>";
		};
		99A71CD328526EB30060C1DA /* SupportingFiles */ = {
			isa = PBXGroup;
			children = (
				993BF32B28552EB9004F9E4B /* CoreData */,
				99A71CD828526EEE0060C1DA /* LaunchScreen */,
				99A71CD628526EDB0060C1DA /* Colors */,
				99A71CD528526ED40060C1DA /* Assets */,
				99A71CD728526EE80060C1DA /* Plist */,
			);
			path = SupportingFiles;
			sourceTree = "<group>";
		};
		99A71CD428526EC30060C1DA /* Features */ = {
			isa = PBXGroup;
			children = (
				99A71CE32852ADA70060C1DA /* Tabbar */,
				99A71CE42852ADB00060C1DA /* Drawing */,
				998B029B2853A77000D58A8F /* Preview */,
				9902C5BD285541C800498CD8 /* ImageNameAlert */,
				99A71CE52852ADB70060C1DA /* History */,
			);
			path = Features;
			sourceTree = "<group>";
		};
		99A71CD528526ED40060C1DA /* Assets */ = {
			isa = PBXGroup;
			children = (
				99A71CAB28526B8A0060C1DA /* Assets.xcassets */,
				99A71CF22852AFE30060C1DA /* AppImage.swift */,
			);
			path = Assets;
			sourceTree = "<group>";
		};
		99A71CD628526EDB0060C1DA /* Colors */ = {
			isa = PBXGroup;
			children = (
				99A71CD928526F2F0060C1DA /* Colors.xcassets */,
				99A71CF02852AF0C0060C1DA /* AppColor.swift */,
			);
			path = Colors;
			sourceTree = "<group>";
		};
		99A71CD728526EE80060C1DA /* Plist */ = {
			isa = PBXGroup;
			children = (
				99A71CB028526B8A0060C1DA /* Info.plist */,
			);
			path = Plist;
			sourceTree = "<group>";
		};
		99A71CD828526EEE0060C1DA /* LaunchScreen */ = {
			isa = PBXGroup;
			children = (
				99A71CAD28526B8A0060C1DA /* LaunchScreen.storyboard */,
			);
			path = LaunchScreen;
			sourceTree = "<group>";
		};
		99A71CE32852ADA70060C1DA /* Tabbar */ = {
			isa = PBXGroup;
			children = (
				99A71CF42852B4470060C1DA /* Tab.swift */,
				99A71CEE2852AE4A0060C1DA /* TabBarCoordinator.swift */,
			);
			path = Tabbar;
			sourceTree = "<group>";
		};
		99A71CE42852ADB00060C1DA /* Drawing */ = {
			isa = PBXGroup;
			children = (
				9931708F28542DE700573750 /* Model */,
				998B028A285378BD00D58A8F /* Coordinator */,
				998B02712852DFD200D58A8F /* Subviews */,
				99A71CFC2852CC150060C1DA /* View */,
				998B0289285378AC00D58A8F /* ViewModel */,
			);
			path = Drawing;
			sourceTree = "<group>";
		};
		99A71CE52852ADB70060C1DA /* History */ = {
			isa = PBXGroup;
			children = (
				9902C5D52855718600498CD8 /* Model */,
				99527A542853C7F3005609F4 /* Coordinator */,
				99527A532853C7D7005609F4 /* View */,
				99527A572853DF14005609F4 /* ViewModel */,
				9902C5D22855655F00498CD8 /* UseCase */,
			);
			path = History;
			sourceTree = "<group>";
		};
		99A71CF62852B7350060C1DA /* Helper */ = {
			isa = PBXGroup;
			children = (
				99A71CFD2852CC400060C1DA /* CustomViews */,
				998B026E2852CFF800D58A8F /* Constants */,
				99A71D002852CD8C0060C1DA /* Extension */,
				99A71CF72852B7520060C1DA /* SharedProtocols */,
				998B028F285393A300D58A8F /* Managers */,
			);
			path = Helper;
			sourceTree = "<group>";
		};
		99A71CF72852B7520060C1DA /* SharedProtocols */ = {
			isa = PBXGroup;
			children = (
				99A71CF82852B7630060C1DA /* Coordinator.swift */,
				998B029728539C3B00D58A8F /* StatePresentable.swift */,
			);
			path = SharedProtocols;
			sourceTree = "<group>";
		};
		99A71CFC2852CC150060C1DA /* View */ = {
			isa = PBXGroup;
			children = (
				99A71CE62852ADDB0060C1DA /* DrawingViewController.swift */,
			);
			path = View;
			sourceTree = "<group>";
		};
		99A71CFD2852CC400060C1DA /* CustomViews */ = {
			isa = PBXGroup;
			children = (
				99A71CFE2852CC7C0060C1DA /* FilledButton.swift */,
			);
			path = CustomViews;
			sourceTree = "<group>";
		};
		99A71D002852CD8C0060C1DA /* Extension */ = {
			isa = PBXGroup;
			children = (
				998B026C2852CDF900D58A8F /* UIViewExtension.swift */,
				998B029928539EC700D58A8F /* UINavigationControllerExtension.swift */,
				993170882853EDEE00573750 /* UITableViewExtension.swift */,
				997D6C6D2854BF37000A2AEE /* UIImageViewExtension.swift */,
				993BF3262854E960004F9E4B /* UIBezierPathExtension.swift */,
				9902C5BB2855402900498CD8 /* UIImageExtension.swift */,
			);
			path = Extension;
			sourceTree = "<group>";
		};
		99F6618B2855379C008DA790 /* Model */ = {
			isa = PBXGroup;
			children = (
				99F6618C285537AB008DA790 /* Sketch.swift */,
			);
			path = Model;
			sourceTree = "<group>";
		};
/* End PBXGroup section */

/* Begin PBXNativeTarget section */
		99A71C9E28526B860060C1DA /* SketchPad */ = {
			isa = PBXNativeTarget;
			buildConfigurationList = 99A71CC928526B8A0060C1DA /* Build configuration list for PBXNativeTarget "SketchPad" */;
			buildPhases = (
				99A71C9B28526B860060C1DA /* Sources */,
				99A71C9C28526B860060C1DA /* Frameworks */,
				99A71C9D28526B860060C1DA /* Resources */,
			);
			buildRules = (
			);
			dependencies = (
			);
			name = SketchPad;
			productName = SketchPad;
			productReference = 99A71C9F28526B860060C1DA /* SketchPad.app */;
			productType = "com.apple.product-type.application";
		};
		99A71CB428526B8A0060C1DA /* SketchPadTests */ = {
			isa = PBXNativeTarget;
			buildConfigurationList = 99A71CCC28526B8A0060C1DA /* Build configuration list for PBXNativeTarget "SketchPadTests" */;
			buildPhases = (
				99A71CB128526B8A0060C1DA /* Sources */,
				99A71CB228526B8A0060C1DA /* Frameworks */,
				99A71CB328526B8A0060C1DA /* Resources */,
			);
			buildRules = (
			);
			dependencies = (
				99A71CB728526B8A0060C1DA /* PBXTargetDependency */,
			);
			name = SketchPadTests;
			productName = SketchPadTests;
			productReference = 99A71CB528526B8A0060C1DA /* SketchPadTests.xctest */;
			productType = "com.apple.product-type.bundle.unit-test";
		};
		99A71CBE28526B8A0060C1DA /* SketchPadUITests */ = {
			isa = PBXNativeTarget;
			buildConfigurationList = 99A71CCF28526B8A0060C1DA /* Build configuration list for PBXNativeTarget "SketchPadUITests" */;
			buildPhases = (
				99A71CBB28526B8A0060C1DA /* Sources */,
				99A71CBC28526B8A0060C1DA /* Frameworks */,
				99A71CBD28526B8A0060C1DA /* Resources */,
			);
			buildRules = (
			);
			dependencies = (
				99A71CC128526B8A0060C1DA /* PBXTargetDependency */,
			);
			name = SketchPadUITests;
			productName = SketchPadUITests;
			productReference = 99A71CBF28526B8A0060C1DA /* SketchPadUITests.xctest */;
			productType = "com.apple.product-type.bundle.ui-testing";
		};
/* End PBXNativeTarget section */

/* Begin PBXProject section */
		99A71C9728526B860060C1DA /* Project object */ = {
			isa = PBXProject;
			attributes = {
				BuildIndependentTargetsInParallel = 1;
				LastSwiftUpdateCheck = 1340;
				LastUpgradeCheck = 1340;
				TargetAttributes = {
					99A71C9E28526B860060C1DA = {
						CreatedOnToolsVersion = 13.4.1;
					};
					99A71CB428526B8A0060C1DA = {
						CreatedOnToolsVersion = 13.4.1;
						TestTargetID = 99A71C9E28526B860060C1DA;
					};
					99A71CBE28526B8A0060C1DA = {
						CreatedOnToolsVersion = 13.4.1;
						TestTargetID = 99A71C9E28526B860060C1DA;
					};
				};
			};
			buildConfigurationList = 99A71C9A28526B860060C1DA /* Build configuration list for PBXProject "SketchPad" */;
			compatibilityVersion = "Xcode 13.0";
			developmentRegion = en;
			hasScannedForEncodings = 0;
			knownRegions = (
				en,
				Base,
			);
			mainGroup = 99A71C9628526B860060C1DA;
			productRefGroup = 99A71CA028526B860060C1DA /* Products */;
			projectDirPath = "";
			projectRoot = "";
			targets = (
				99A71C9E28526B860060C1DA /* SketchPad */,
				99A71CB428526B8A0060C1DA /* SketchPadTests */,
				99A71CBE28526B8A0060C1DA /* SketchPadUITests */,
			);
		};
/* End PBXProject section */

/* Begin PBXResourcesBuildPhase section */
		99A71C9D28526B860060C1DA /* Resources */ = {
			isa = PBXResourcesBuildPhase;
			buildActionMask = 2147483647;
			files = (
				99A71CDA28526F2F0060C1DA /* Colors.xcassets in Resources */,
				99A71CAF28526B8A0060C1DA /* LaunchScreen.storyboard in Resources */,
				99527A5E2853EA04005609F4 /* HistoryViewController.xib in Resources */,
				998B02752852E08200D58A8F /* DrawingTopBar.xib in Resources */,
				998B027828535CE700D58A8F /* SketchView.xib in Resources */,
				9902C5CB285547A500498CD8 /* EnterNameAlert.xib in Resources */,
				998B02A72853A8B300D58A8F /* PreviewTopBar.xib in Resources */,
				9931708E2853EE8200573750 /* HistoryTableViewCell.xib in Resources */,
				998B02B32853B08D00D58A8F /* PreviewSketchView.xib in Resources */,
				998B028528536D0900D58A8F /* DrawingBottomBar.xib in Resources */,
				99A71CAC28526B8A0060C1DA /* Assets.xcassets in Resources */,
			);
			runOnlyForDeploymentPostprocessing = 0;
		};
		99A71CB328526B8A0060C1DA /* Resources */ = {
			isa = PBXResourcesBuildPhase;
			buildActionMask = 2147483647;
			files = (
			);
			runOnlyForDeploymentPostprocessing = 0;
		};
		99A71CBD28526B8A0060C1DA /* Resources */ = {
			isa = PBXResourcesBuildPhase;
			buildActionMask = 2147483647;
			files = (
			);
			runOnlyForDeploymentPostprocessing = 0;
		};
/* End PBXResourcesBuildPhase section */

/* Begin PBXSourcesBuildPhase section */
		99A71C9B28526B860060C1DA /* Sources */ = {
			isa = PBXSourcesBuildPhase;
			buildActionMask = 2147483647;
			files = (
				99A71CE82852ADDB0060C1DA /* DrawingViewController.swift in Sources */,
				998B02702852D00800D58A8F /* TitleConstant.swift in Sources */,
				998B028C285378D800D58A8F /* DrawingViewModel.swift in Sources */,
				99F6618D285537AB008DA790 /* Sketch.swift in Sources */,
				998B027A28535E0900D58A8F /* SketchView.swift in Sources */,
				99A71CF92852B7640060C1DA /* Coordinator.swift in Sources */,
				998B028328536CF900D58A8F /* DrawingBottomBar.swift in Sources */,
				9902C5C02855420400498CD8 /* EnterNameViewController.swift in Sources */,
				99A71CA328526B860060C1DA /* AppDelegate.swift in Sources */,
				9931709128542DFE00573750 /* LineInfo.swift in Sources */,
				998B02932853943900D58A8F /* AppError.swift in Sources */,
				998B02A12853A83000D58A8F /* PreviewViewModel.swift in Sources */,
				99A71CF12852AF0C0060C1DA /* AppColor.swift in Sources */,
				998B02B12853B07F00D58A8F /* PreviewSketchView.swift in Sources */,
				9902C5C62855458500498CD8 /* EnterNameViewModel.swift in Sources */,
				99A71CEC2852ADF70060C1DA /* HistoryViewController.swift in Sources */,
				998B0291285393BC00D58A8F /* PhotoLibraryManager.swift in Sources */,
				993BF3272854E960004F9E4B /* UIBezierPathExtension.swift in Sources */,
				997D6C6E2854BF37000A2AEE /* UIImageViewExtension.swift in Sources */,
				998B02AE2853A92000D58A8F /* PreviewCoordinator.swift in Sources */,
				99A71CF52852B4470060C1DA /* Tab.swift in Sources */,
				998B028E28537A4700D58A8F /* DrawingCoordinator.swift in Sources */,
				993BF32D28552EC7004F9E4B /* CachingManager.swift in Sources */,
				99A71CF32852AFE30060C1DA /* AppImage.swift in Sources */,
				998B0288285370D100D58A8F /* DrawingArea.swift in Sources */,
				993170892853EDEE00573750 /* UITableViewExtension.swift in Sources */,
				9902C5D42855657900498CD8 /* HistoryDataProvider.swift in Sources */,
				99A71CEF2852AE4A0060C1DA /* TabBarCoordinator.swift in Sources */,
				9902C5D72855719B00498CD8 /* HistorySketch.swift in Sources */,
				9902C5CD285547E300498CD8 /* EnterNameAlert.swift in Sources */,
				998B026D2852CDF900D58A8F /* UIViewExtension.swift in Sources */,
				998B02732852E06600D58A8F /* DrawingTopBar.swift in Sources */,
				99A71CFB2852C0790060C1DA /* AppCoordinator.swift in Sources */,
				998B029828539C3B00D58A8F /* StatePresentable.swift in Sources */,
				998B02A52853A8A000D58A8F /* PreviewTopBar.swift in Sources */,
				99A71CFF2852CC7C0060C1DA /* FilledButton.swift in Sources */,
				9902C5C8285545B100498CD8 /* EnterNameCoordinator.swift in Sources */,
				99527A592853E099005609F4 /* HistoryViewModel.swift in Sources */,
				993BF33028552F0C004F9E4B /* SketchHistory.xcdatamodeld in Sources */,
				9902C5BC2855402900498CD8 /* UIImageExtension.swift in Sources */,
				99A71CA528526B860060C1DA /* SceneDelegate.swift in Sources */,
				99527A562853C82A005609F4 /* HistoryCoordinator.swift in Sources */,
				9931708D2853EE8200573750 /* HistoryTableViewCell.swift in Sources */,
				998B029A28539EC700D58A8F /* UINavigationControllerExtension.swift in Sources */,
				998B02AA2853A8D300D58A8F /* PreviewViewController.swift in Sources */,
			);
			runOnlyForDeploymentPostprocessing = 0;
		};
		99A71CB128526B8A0060C1DA /* Sources */ = {
			isa = PBXSourcesBuildPhase;
			buildActionMask = 2147483647;
			files = (
				99A71CBA28526B8A0060C1DA /* SketchPadTests.swift in Sources */,
			);
			runOnlyForDeploymentPostprocessing = 0;
		};
		99A71CBB28526B8A0060C1DA /* Sources */ = {
			isa = PBXSourcesBuildPhase;
			buildActionMask = 2147483647;
			files = (
				99A71CC628526B8A0060C1DA /* SketchPadUITestsLaunchTests.swift in Sources */,
				99A71CC428526B8A0060C1DA /* SketchPadUITests.swift in Sources */,
			);
			runOnlyForDeploymentPostprocessing = 0;
		};
/* End PBXSourcesBuildPhase section */

/* Begin PBXTargetDependency section */
		99A71CB728526B8A0060C1DA /* PBXTargetDependency */ = {
			isa = PBXTargetDependency;
			target = 99A71C9E28526B860060C1DA /* SketchPad */;
			targetProxy = 99A71CB628526B8A0060C1DA /* PBXContainerItemProxy */;
		};
		99A71CC128526B8A0060C1DA /* PBXTargetDependency */ = {
			isa = PBXTargetDependency;
			target = 99A71C9E28526B860060C1DA /* SketchPad */;
			targetProxy = 99A71CC028526B8A0060C1DA /* PBXContainerItemProxy */;
		};
/* End PBXTargetDependency section */

/* Begin PBXVariantGroup section */
		99A71CAD28526B8A0060C1DA /* LaunchScreen.storyboard */ = {
			isa = PBXVariantGroup;
			children = (
				99A71CAE28526B8A0060C1DA /* Base */,
			);
			name = LaunchScreen.storyboard;
			sourceTree = "<group>";
		};
/* End PBXVariantGroup section */

/* Begin XCBuildConfiguration section */
		99A71CC728526B8A0060C1DA /* Debug */ = {
			isa = XCBuildConfiguration;
			buildSettings = {
				ALWAYS_SEARCH_USER_PATHS = NO;
				CLANG_ANALYZER_NONNULL = YES;
				CLANG_ANALYZER_NUMBER_OBJECT_CONVERSION = YES_AGGRESSIVE;
				CLANG_CXX_LANGUAGE_STANDARD = "gnu++17";
				CLANG_ENABLE_MODULES = YES;
				CLANG_ENABLE_OBJC_ARC = YES;
				CLANG_ENABLE_OBJC_WEAK = YES;
				CLANG_WARN_BLOCK_CAPTURE_AUTORELEASING = YES;
				CLANG_WARN_BOOL_CONVERSION = YES;
				CLANG_WARN_COMMA = YES;
				CLANG_WARN_CONSTANT_CONVERSION = YES;
				CLANG_WARN_DEPRECATED_OBJC_IMPLEMENTATIONS = YES;
				CLANG_WARN_DIRECT_OBJC_ISA_USAGE = YES_ERROR;
				CLANG_WARN_DOCUMENTATION_COMMENTS = YES;
				CLANG_WARN_EMPTY_BODY = YES;
				CLANG_WARN_ENUM_CONVERSION = YES;
				CLANG_WARN_INFINITE_RECURSION = YES;
				CLANG_WARN_INT_CONVERSION = YES;
				CLANG_WARN_NON_LITERAL_NULL_CONVERSION = YES;
				CLANG_WARN_OBJC_IMPLICIT_RETAIN_SELF = YES;
				CLANG_WARN_OBJC_LITERAL_CONVERSION = YES;
				CLANG_WARN_OBJC_ROOT_CLASS = YES_ERROR;
				CLANG_WARN_QUOTED_INCLUDE_IN_FRAMEWORK_HEADER = YES;
				CLANG_WARN_RANGE_LOOP_ANALYSIS = YES;
				CLANG_WARN_STRICT_PROTOTYPES = YES;
				CLANG_WARN_SUSPICIOUS_MOVE = YES;
				CLANG_WARN_UNGUARDED_AVAILABILITY = YES_AGGRESSIVE;
				CLANG_WARN_UNREACHABLE_CODE = YES;
				CLANG_WARN__DUPLICATE_METHOD_MATCH = YES;
				COPY_PHASE_STRIP = NO;
				DEBUG_INFORMATION_FORMAT = dwarf;
				ENABLE_STRICT_OBJC_MSGSEND = YES;
				ENABLE_TESTABILITY = YES;
				GCC_C_LANGUAGE_STANDARD = gnu11;
				GCC_DYNAMIC_NO_PIC = NO;
				GCC_NO_COMMON_BLOCKS = YES;
				GCC_OPTIMIZATION_LEVEL = 0;
				GCC_PREPROCESSOR_DEFINITIONS = (
					"DEBUG=1",
					"$(inherited)",
				);
				GCC_WARN_64_TO_32_BIT_CONVERSION = YES;
				GCC_WARN_ABOUT_RETURN_TYPE = YES_ERROR;
				GCC_WARN_UNDECLARED_SELECTOR = YES;
				GCC_WARN_UNINITIALIZED_AUTOS = YES_AGGRESSIVE;
				GCC_WARN_UNUSED_FUNCTION = YES;
				GCC_WARN_UNUSED_VARIABLE = YES;
				IPHONEOS_DEPLOYMENT_TARGET = 15.5;
				MTL_ENABLE_DEBUG_INFO = INCLUDE_SOURCE;
				MTL_FAST_MATH = YES;
				ONLY_ACTIVE_ARCH = YES;
				SDKROOT = iphoneos;
				SWIFT_ACTIVE_COMPILATION_CONDITIONS = DEBUG;
				SWIFT_OPTIMIZATION_LEVEL = "-Onone";
			};
			name = Debug;
		};
		99A71CC828526B8A0060C1DA /* Release */ = {
			isa = XCBuildConfiguration;
			buildSettings = {
				ALWAYS_SEARCH_USER_PATHS = NO;
				CLANG_ANALYZER_NONNULL = YES;
				CLANG_ANALYZER_NUMBER_OBJECT_CONVERSION = YES_AGGRESSIVE;
				CLANG_CXX_LANGUAGE_STANDARD = "gnu++17";
				CLANG_ENABLE_MODULES = YES;
				CLANG_ENABLE_OBJC_ARC = YES;
				CLANG_ENABLE_OBJC_WEAK = YES;
				CLANG_WARN_BLOCK_CAPTURE_AUTORELEASING = YES;
				CLANG_WARN_BOOL_CONVERSION = YES;
				CLANG_WARN_COMMA = YES;
				CLANG_WARN_CONSTANT_CONVERSION = YES;
				CLANG_WARN_DEPRECATED_OBJC_IMPLEMENTATIONS = YES;
				CLANG_WARN_DIRECT_OBJC_ISA_USAGE = YES_ERROR;
				CLANG_WARN_DOCUMENTATION_COMMENTS = YES;
				CLANG_WARN_EMPTY_BODY = YES;
				CLANG_WARN_ENUM_CONVERSION = YES;
				CLANG_WARN_INFINITE_RECURSION = YES;
				CLANG_WARN_INT_CONVERSION = YES;
				CLANG_WARN_NON_LITERAL_NULL_CONVERSION = YES;
				CLANG_WARN_OBJC_IMPLICIT_RETAIN_SELF = YES;
				CLANG_WARN_OBJC_LITERAL_CONVERSION = YES;
				CLANG_WARN_OBJC_ROOT_CLASS = YES_ERROR;
				CLANG_WARN_QUOTED_INCLUDE_IN_FRAMEWORK_HEADER = YES;
				CLANG_WARN_RANGE_LOOP_ANALYSIS = YES;
				CLANG_WARN_STRICT_PROTOTYPES = YES;
				CLANG_WARN_SUSPICIOUS_MOVE = YES;
				CLANG_WARN_UNGUARDED_AVAILABILITY = YES_AGGRESSIVE;
				CLANG_WARN_UNREACHABLE_CODE = YES;
				CLANG_WARN__DUPLICATE_METHOD_MATCH = YES;
				COPY_PHASE_STRIP = NO;
				DEBUG_INFORMATION_FORMAT = "dwarf-with-dsym";
				ENABLE_NS_ASSERTIONS = NO;
				ENABLE_STRICT_OBJC_MSGSEND = YES;
				GCC_C_LANGUAGE_STANDARD = gnu11;
				GCC_NO_COMMON_BLOCKS = YES;
				GCC_WARN_64_TO_32_BIT_CONVERSION = YES;
				GCC_WARN_ABOUT_RETURN_TYPE = YES_ERROR;
				GCC_WARN_UNDECLARED_SELECTOR = YES;
				GCC_WARN_UNINITIALIZED_AUTOS = YES_AGGRESSIVE;
				GCC_WARN_UNUSED_FUNCTION = YES;
				GCC_WARN_UNUSED_VARIABLE = YES;
				IPHONEOS_DEPLOYMENT_TARGET = 15.5;
				MTL_ENABLE_DEBUG_INFO = NO;
				MTL_FAST_MATH = YES;
				SDKROOT = iphoneos;
				SWIFT_COMPILATION_MODE = wholemodule;
				SWIFT_OPTIMIZATION_LEVEL = "-O";
				VALIDATE_PRODUCT = YES;
			};
			name = Release;
		};
		99A71CCA28526B8A0060C1DA /* Debug */ = {
			isa = XCBuildConfiguration;
			buildSettings = {
				ASSETCATALOG_COMPILER_APPICON_NAME = AppIcon;
				ASSETCATALOG_COMPILER_GLOBAL_ACCENT_COLOR_NAME = AccentColor;
				CODE_SIGN_STYLE = Automatic;
				CURRENT_PROJECT_VERSION = 1;
				DEVELOPMENT_TEAM = QVCZFS2TP2;
				GENERATE_INFOPLIST_FILE = YES;
				INFOPLIST_FILE = SketchPad/SupportingFiles/Plist/Info.plist;
				INFOPLIST_KEY_CFBundleDisplayName = SketchPad;
				INFOPLIST_KEY_UIApplicationSupportsIndirectInputEvents = YES;
				INFOPLIST_KEY_UILaunchStoryboardName = LaunchScreen;
				INFOPLIST_KEY_UISupportedInterfaceOrientations = UIInterfaceOrientationPortrait;
				INFOPLIST_KEY_UISupportedInterfaceOrientations_iPad = "UIInterfaceOrientationPortrait UIInterfaceOrientationPortraitUpsideDown UIInterfaceOrientationLandscapeLeft UIInterfaceOrientationLandscapeRight";
				INFOPLIST_KEY_UISupportedInterfaceOrientations_iPhone = UIInterfaceOrientationPortrait;
				IPHONEOS_DEPLOYMENT_TARGET = 14.0;
				LD_RUNPATH_SEARCH_PATHS = (
					"$(inherited)",
					"@executable_path/Frameworks",
				);
				MARKETING_VERSION = 1.0;
				PRODUCT_BUNDLE_IDENTIFIER = Asmaa.SketchPad;
				PRODUCT_NAME = "$(TARGET_NAME)";
				SWIFT_EMIT_LOC_STRINGS = YES;
				SWIFT_VERSION = 5.0;
				TARGETED_DEVICE_FAMILY = 1;
			};
			name = Debug;
		};
		99A71CCB28526B8A0060C1DA /* Release */ = {
			isa = XCBuildConfiguration;
			buildSettings = {
				ASSETCATALOG_COMPILER_APPICON_NAME = AppIcon;
				ASSETCATALOG_COMPILER_GLOBAL_ACCENT_COLOR_NAME = AccentColor;
				CODE_SIGN_STYLE = Automatic;
				CURRENT_PROJECT_VERSION = 1;
				DEVELOPMENT_TEAM = QVCZFS2TP2;
				GENERATE_INFOPLIST_FILE = YES;
				INFOPLIST_FILE = SketchPad/SupportingFiles/Plist/Info.plist;
				INFOPLIST_KEY_CFBundleDisplayName = SketchPad;
				INFOPLIST_KEY_UIApplicationSupportsIndirectInputEvents = YES;
				INFOPLIST_KEY_UILaunchStoryboardName = LaunchScreen;
				INFOPLIST_KEY_UISupportedInterfaceOrientations = UIInterfaceOrientationPortrait;
				INFOPLIST_KEY_UISupportedInterfaceOrientations_iPad = "UIInterfaceOrientationPortrait UIInterfaceOrientationPortraitUpsideDown UIInterfaceOrientationLandscapeLeft UIInterfaceOrientationLandscapeRight";
				INFOPLIST_KEY_UISupportedInterfaceOrientations_iPhone = UIInterfaceOrientationPortrait;
				IPHONEOS_DEPLOYMENT_TARGET = 14.0;
				LD_RUNPATH_SEARCH_PATHS = (
					"$(inherited)",
					"@executable_path/Frameworks",
				);
				MARKETING_VERSION = 1.0;
				PRODUCT_BUNDLE_IDENTIFIER = Asmaa.SketchPad;
				PRODUCT_NAME = "$(TARGET_NAME)";
				SWIFT_EMIT_LOC_STRINGS = YES;
				SWIFT_VERSION = 5.0;
				TARGETED_DEVICE_FAMILY = 1;
			};
			name = Release;
		};
		99A71CCD28526B8A0060C1DA /* Debug */ = {
			isa = XCBuildConfiguration;
			buildSettings = {
				ALWAYS_EMBED_SWIFT_STANDARD_LIBRARIES = YES;
				BUNDLE_LOADER = "$(TEST_HOST)";
				CODE_SIGN_STYLE = Automatic;
				CURRENT_PROJECT_VERSION = 1;
				DEVELOPMENT_TEAM = QVCZFS2TP2;
				GENERATE_INFOPLIST_FILE = YES;
				IPHONEOS_DEPLOYMENT_TARGET = 15.5;
				MARKETING_VERSION = 1.0;
				PRODUCT_BUNDLE_IDENTIFIER = Asmaa.SketchPadTests;
				PRODUCT_NAME = "$(TARGET_NAME)";
				SWIFT_EMIT_LOC_STRINGS = NO;
				SWIFT_VERSION = 5.0;
				TARGETED_DEVICE_FAMILY = "1,2";
				TEST_HOST = "$(BUILT_PRODUCTS_DIR)/SketchPad.app/SketchPad";
			};
			name = Debug;
		};
		99A71CCE28526B8A0060C1DA /* Release */ = {
			isa = XCBuildConfiguration;
			buildSettings = {
				ALWAYS_EMBED_SWIFT_STANDARD_LIBRARIES = YES;
				BUNDLE_LOADER = "$(TEST_HOST)";
				CODE_SIGN_STYLE = Automatic;
				CURRENT_PROJECT_VERSION = 1;
				DEVELOPMENT_TEAM = QVCZFS2TP2;
				GENERATE_INFOPLIST_FILE = YES;
				IPHONEOS_DEPLOYMENT_TARGET = 15.5;
				MARKETING_VERSION = 1.0;
				PRODUCT_BUNDLE_IDENTIFIER = Asmaa.SketchPadTests;
				PRODUCT_NAME = "$(TARGET_NAME)";
				SWIFT_EMIT_LOC_STRINGS = NO;
				SWIFT_VERSION = 5.0;
				TARGETED_DEVICE_FAMILY = "1,2";
				TEST_HOST = "$(BUILT_PRODUCTS_DIR)/SketchPad.app/SketchPad";
			};
			name = Release;
		};
		99A71CD028526B8A0060C1DA /* Debug */ = {
			isa = XCBuildConfiguration;
			buildSettings = {
				ALWAYS_EMBED_SWIFT_STANDARD_LIBRARIES = YES;
				CODE_SIGN_STYLE = Automatic;
				CURRENT_PROJECT_VERSION = 1;
				DEVELOPMENT_TEAM = QVCZFS2TP2;
				GENERATE_INFOPLIST_FILE = YES;
				MARKETING_VERSION = 1.0;
				PRODUCT_BUNDLE_IDENTIFIER = Asmaa.SketchPadUITests;
				PRODUCT_NAME = "$(TARGET_NAME)";
				SWIFT_EMIT_LOC_STRINGS = NO;
				SWIFT_VERSION = 5.0;
				TARGETED_DEVICE_FAMILY = "1,2";
				TEST_TARGET_NAME = SketchPad;
			};
			name = Debug;
		};
		99A71CD128526B8A0060C1DA /* Release */ = {
			isa = XCBuildConfiguration;
			buildSettings = {
				ALWAYS_EMBED_SWIFT_STANDARD_LIBRARIES = YES;
				CODE_SIGN_STYLE = Automatic;
				CURRENT_PROJECT_VERSION = 1;
				DEVELOPMENT_TEAM = QVCZFS2TP2;
				GENERATE_INFOPLIST_FILE = YES;
				MARKETING_VERSION = 1.0;
				PRODUCT_BUNDLE_IDENTIFIER = Asmaa.SketchPadUITests;
				PRODUCT_NAME = "$(TARGET_NAME)";
				SWIFT_EMIT_LOC_STRINGS = NO;
				SWIFT_VERSION = 5.0;
				TARGETED_DEVICE_FAMILY = "1,2";
				TEST_TARGET_NAME = SketchPad;
			};
			name = Release;
		};
/* End XCBuildConfiguration section */

/* Begin XCConfigurationList section */
		99A71C9A28526B860060C1DA /* Build configuration list for PBXProject "SketchPad" */ = {
			isa = XCConfigurationList;
			buildConfigurations = (
				99A71CC728526B8A0060C1DA /* Debug */,
				99A71CC828526B8A0060C1DA /* Release */,
			);
			defaultConfigurationIsVisible = 0;
			defaultConfigurationName = Release;
		};
		99A71CC928526B8A0060C1DA /* Build configuration list for PBXNativeTarget "SketchPad" */ = {
			isa = XCConfigurationList;
			buildConfigurations = (
				99A71CCA28526B8A0060C1DA /* Debug */,
				99A71CCB28526B8A0060C1DA /* Release */,
			);
			defaultConfigurationIsVisible = 0;
			defaultConfigurationName = Release;
		};
		99A71CCC28526B8A0060C1DA /* Build configuration list for PBXNativeTarget "SketchPadTests" */ = {
			isa = XCConfigurationList;
			buildConfigurations = (
				99A71CCD28526B8A0060C1DA /* Debug */,
				99A71CCE28526B8A0060C1DA /* Release */,
			);
			defaultConfigurationIsVisible = 0;
			defaultConfigurationName = Release;
		};
		99A71CCF28526B8A0060C1DA /* Build configuration list for PBXNativeTarget "SketchPadUITests" */ = {
			isa = XCConfigurationList;
			buildConfigurations = (
				99A71CD028526B8A0060C1DA /* Debug */,
				99A71CD128526B8A0060C1DA /* Release */,
			);
			defaultConfigurationIsVisible = 0;
			defaultConfigurationName = Release;
		};
/* End XCConfigurationList section */

/* Begin XCVersionGroup section */
		993BF32E28552F0C004F9E4B /* SketchHistory.xcdatamodeld */ = {
			isa = XCVersionGroup;
			children = (
				993BF32F28552F0C004F9E4B /* SketchHistory.xcdatamodel */,
			);
			currentVersion = 993BF32F28552F0C004F9E4B /* SketchHistory.xcdatamodel */;
			path = SketchHistory.xcdatamodeld;
			sourceTree = "<group>";
			versionGroupType = wrapper.xcdatamodel;
		};
/* End XCVersionGroup section */
	};
	rootObject = 99A71C9728526B860060C1DA /* Project object */;
}
